// !$*UTF8*$!
{
	archiveVersion = 1;
	classes = {
	};
	objectVersion = 56;
	objects = {

/* Begin PBXBuildFile section */
		9C23D4FA2B8C23710098EDB3 /* FactoToggle.swift in Sources */ = {isa = PBXBuildFile; fileRef = 9C23D4F92B8C23710098EDB3 /* FactoToggle.swift */; };
		9C23D4FD2B8C35650098EDB3 /* Localizable.xcstrings in Resources */ = {isa = PBXBuildFile; fileRef = 9C23D4FC2B8C35650098EDB3 /* Localizable.xcstrings */; };
		9C23D5002B8C5ACB0098EDB3 /* VideoUploadInfoView.swift in Sources */ = {isa = PBXBuildFile; fileRef = 9C23D4FF2B8C5ACB0098EDB3 /* VideoUploadInfoView.swift */; };
		9C3DD3822B7F38F9006C09B8 /* ProfileEditView.swift in Sources */ = {isa = PBXBuildFile; fileRef = 9C3DD3812B7F38F9006C09B8 /* ProfileEditView.swift */; };
		9C3DD3842B7FBDAD006C09B8 /* ScuolaCircleButton.swift in Sources */ = {isa = PBXBuildFile; fileRef = 9C3DD3832B7FBDAD006C09B8 /* ScuolaCircleButton.swift */; };
		9C3DD38C2B7FFDAA006C09B8 /* VideoPostsView.swift in Sources */ = {isa = PBXBuildFile; fileRef = 9C3DD38B2B7FFDAA006C09B8 /* VideoPostsView.swift */; };
		9C3DD38E2B7FFEED006C09B8 /* VideoPostItem.swift in Sources */ = {isa = PBXBuildFile; fileRef = 9C3DD38D2B7FFEED006C09B8 /* VideoPostItem.swift */; };
		9C7CA8142A52888C0083EADC /* VideoView.swift in Sources */ = {isa = PBXBuildFile; fileRef = 9C7CA8132A52888C0083EADC /* VideoView.swift */; };
		9C7CA81B2A5A66A60083EADC /* SettingsView.swift in Sources */ = {isa = PBXBuildFile; fileRef = 9C7CA81A2A5A66A60083EADC /* SettingsView.swift */; };
		9C7CA8222A5FC31D0083EADC /* FeaturedView.swift in Sources */ = {isa = PBXBuildFile; fileRef = 9C7CA8212A5FC31D0083EADC /* FeaturedView.swift */; };
		9C7CA82D2A64E7670083EADC /* VideoAssetView.swift in Sources */ = {isa = PBXBuildFile; fileRef = 9C7CA82C2A64E7670083EADC /* VideoAssetView.swift */; };
		9C7CA8302A6641FB0083EADC /* CommentSection.swift in Sources */ = {isa = PBXBuildFile; fileRef = 9C7CA82F2A6641FB0083EADC /* CommentSection.swift */; };
		9C7CA8322A6642410083EADC /* CommentSectionPreview.swift in Sources */ = {isa = PBXBuildFile; fileRef = 9C7CA8312A6642410083EADC /* CommentSectionPreview.swift */; };
		9C7CA8352A664FE40083EADC /* CommentView.swift in Sources */ = {isa = PBXBuildFile; fileRef = 9C7CA8342A664FE40083EADC /* CommentView.swift */; };
		9C7CA8392A66599E0083EADC /* Comment.swift in Sources */ = {isa = PBXBuildFile; fileRef = 9C7CA8382A66599E0083EADC /* Comment.swift */; };
		9C7CA83B2A721D830083EADC /* DescriptionView.swift in Sources */ = {isa = PBXBuildFile; fileRef = 9C7CA83A2A721D820083EADC /* DescriptionView.swift */; };
		9C7CA83D2A79F2460083EADC /* ActionBar.swift in Sources */ = {isa = PBXBuildFile; fileRef = 9C7CA83C2A79F2460083EADC /* ActionBar.swift */; };
		9C7CA83F2A7A07E50083EADC /* ProfileBarView.swift in Sources */ = {isa = PBXBuildFile; fileRef = 9C7CA83E2A7A07E50083EADC /* ProfileBarView.swift */; };
		9C7CA8422A7B5ED40083EADC /* ScuolaActionButton.swift in Sources */ = {isa = PBXBuildFile; fileRef = 9C7CA8412A7B5ED40083EADC /* ScuolaActionButton.swift */; };
		9C7CA8452A8093490083EADC /* ProfileView.swift in Sources */ = {isa = PBXBuildFile; fileRef = 9C7CA8442A8093490083EADC /* ProfileView.swift */; };
		9C7CA8472A809FD40083EADC /* ProfileHeaderView.swift in Sources */ = {isa = PBXBuildFile; fileRef = 9C7CA8462A809FD40083EADC /* ProfileHeaderView.swift */; };
		9C7CA8492A889AEA0083EADC /* ScuolaButton.swift in Sources */ = {isa = PBXBuildFile; fileRef = 9C7CA8482A889AEA0083EADC /* ScuolaButton.swift */; };
		9C87F2122B800AB4002B78DC /* ScuolaCircleNavButton.swift in Sources */ = {isa = PBXBuildFile; fileRef = 9C87F2112B800AB4002B78DC /* ScuolaCircleNavButton.swift */; };
		9C8C435D2B68A8B000280963 /* LandingPage.swift in Sources */ = {isa = PBXBuildFile; fileRef = 9C8C435C2B68A8B000280963 /* LandingPage.swift */; };
		9C8C43632B6EB4FA00280963 /* SignupScreen.swift in Sources */ = {isa = PBXBuildFile; fileRef = 9C8C43622B6EB4FA00280963 /* SignupScreen.swift */; };
		9C8C43652B6EB70B00280963 /* CredentialsInputPage.swift in Sources */ = {isa = PBXBuildFile; fileRef = 9C8C43642B6EB70B00280963 /* CredentialsInputPage.swift */; };
		9C8C43672B6EB9FD00280963 /* ProfileInfoInputPage.swift in Sources */ = {isa = PBXBuildFile; fileRef = 9C8C43662B6EB9FD00280963 /* ProfileInfoInputPage.swift */; };
		9C8C43692B6EBA5600280963 /* BirthdateInputPage.swift in Sources */ = {isa = PBXBuildFile; fileRef = 9C8C43682B6EBA5600280963 /* BirthdateInputPage.swift */; };
		9C8C436B2B6EBAC100280963 /* NotificationsPermissionPage.swift in Sources */ = {isa = PBXBuildFile; fileRef = 9C8C436A2B6EBAC100280963 /* NotificationsPermissionPage.swift */; };
		9C8C436D2B6EBAFE00280963 /* TermsAndConditionsPage.swift in Sources */ = {isa = PBXBuildFile; fileRef = 9C8C436C2B6EBAFE00280963 /* TermsAndConditionsPage.swift */; };
		9C8C43702B6EC88300280963 /* Account.swift in Sources */ = {isa = PBXBuildFile; fileRef = 9C8C436F2B6EC88300280963 /* Account.swift */; };
		9C8C43732B6EC9F900280963 /* FetchAccountUseCase.swift in Sources */ = {isa = PBXBuildFile; fileRef = 9C8C43722B6EC9F900280963 /* FetchAccountUseCase.swift */; };
		9C8C43772B6ECD7000280963 /* NumberFormatterService.swift in Sources */ = {isa = PBXBuildFile; fileRef = 9C8C43762B6ECD7000280963 /* NumberFormatterService.swift */; };
		9C8C437C2B6F5DD900280963 /* LoginPage.swift in Sources */ = {isa = PBXBuildFile; fileRef = 9C8C437B2B6F5DD900280963 /* LoginPage.swift */; };
		9C8C43812B6F62C900280963 /* ScuolaNavButton.swift in Sources */ = {isa = PBXBuildFile; fileRef = 9C8C43802B6F62C900280963 /* ScuolaNavButton.swift */; };
		9C8C43842B708EF800280963 /* SessionServiceImpl.swift in Sources */ = {isa = PBXBuildFile; fileRef = 9C8C43832B708EF800280963 /* SessionServiceImpl.swift */; };
		9C8C43872B70910400280963 /* AuthenticationUseCase.swift in Sources */ = {isa = PBXBuildFile; fileRef = 9C8C43862B70910400280963 /* AuthenticationUseCase.swift */; };
		9C8C43892B7091B800280963 /* FirebaseAuthManager.swift in Sources */ = {isa = PBXBuildFile; fileRef = 9C8C43882B7091B800280963 /* FirebaseAuthManager.swift */; };
		9C8C438B2B70948700280963 /* VideoAsset.swift in Sources */ = {isa = PBXBuildFile; fileRef = 9C8C438A2B70948700280963 /* VideoAsset.swift */; };
		9C8C43952B74896700280963 /* SubscriptionsView.swift in Sources */ = {isa = PBXBuildFile; fileRef = 9C8C43942B74896700280963 /* SubscriptionsView.swift */; };
		9C8C43992B748A0800280963 /* HomeItemLarge.swift in Sources */ = {isa = PBXBuildFile; fileRef = 9C8C43982B748A0800280963 /* HomeItemLarge.swift */; };
		9C8C439B2B7497B600280963 /* Thumbnail.swift in Sources */ = {isa = PBXBuildFile; fileRef = 9C8C439A2B7497B600280963 /* Thumbnail.swift */; };
		9CA9C0E72B759A0F00FF7605 /* RadikalTrial-RegularItalic.otf in Resources */ = {isa = PBXBuildFile; fileRef = 9CA9C0D92B759A0E00FF7605 /* RadikalTrial-RegularItalic.otf */; };
		9CA9C0E82B759A0F00FF7605 /* RadikalTrial-Regular.otf in Resources */ = {isa = PBXBuildFile; fileRef = 9CA9C0DA2B759A0E00FF7605 /* RadikalTrial-Regular.otf */; };
		9CA9C0E92B759A0F00FF7605 /* RadikalTrial-UltraThinItalic.otf in Resources */ = {isa = PBXBuildFile; fileRef = 9CA9C0DB2B759A0E00FF7605 /* RadikalTrial-UltraThinItalic.otf */; };
		9CA9C0EA2B759A0F00FF7605 /* RadikalTrial-LightItalic.otf in Resources */ = {isa = PBXBuildFile; fileRef = 9CA9C0DC2B759A0E00FF7605 /* RadikalTrial-LightItalic.otf */; };
		9CA9C0EB2B759A0F00FF7605 /* RadikalTrial-Thin.otf in Resources */ = {isa = PBXBuildFile; fileRef = 9CA9C0DD2B759A0E00FF7605 /* RadikalTrial-Thin.otf */; };
		9CA9C0EC2B759A0F00FF7605 /* RadikalTrial-Light.otf in Resources */ = {isa = PBXBuildFile; fileRef = 9CA9C0DE2B759A0E00FF7605 /* RadikalTrial-Light.otf */; };
		9CA9C0ED2B759A0F00FF7605 /* RadikalTrial-BoldItalic.otf in Resources */ = {isa = PBXBuildFile; fileRef = 9CA9C0DF2B759A0E00FF7605 /* RadikalTrial-BoldItalic.otf */; };
		9CA9C0EE2B759A0F00FF7605 /* Radikal-Medium.otf in Resources */ = {isa = PBXBuildFile; fileRef = 9CA9C0E02B759A0F00FF7605 /* Radikal-Medium.otf */; };
		9CA9C0EF2B759A0F00FF7605 /* RadikalTrial-MediumItalic.otf in Resources */ = {isa = PBXBuildFile; fileRef = 9CA9C0E12B759A0F00FF7605 /* RadikalTrial-MediumItalic.otf */; };
		9CA9C0F02B759A0F00FF7605 /* RadikalTrial-Black.otf in Resources */ = {isa = PBXBuildFile; fileRef = 9CA9C0E22B759A0F00FF7605 /* RadikalTrial-Black.otf */; };
		9CA9C0F12B759A0F00FF7605 /* RadikalTrial-BlackItalic.otf in Resources */ = {isa = PBXBuildFile; fileRef = 9CA9C0E32B759A0F00FF7605 /* RadikalTrial-BlackItalic.otf */; };
		9CA9C0F22B759A0F00FF7605 /* RadikalTrial-UltraThin.otf in Resources */ = {isa = PBXBuildFile; fileRef = 9CA9C0E42B759A0F00FF7605 /* RadikalTrial-UltraThin.otf */; };
		9CA9C0F32B759A0F00FF7605 /* RadikalTrial-ThinItalic.otf in Resources */ = {isa = PBXBuildFile; fileRef = 9CA9C0E52B759A0F00FF7605 /* RadikalTrial-ThinItalic.otf */; };
		9CA9C0F42B759A0F00FF7605 /* RadikalTrial-Bold.otf in Resources */ = {isa = PBXBuildFile; fileRef = 9CA9C0E62B759A0F00FF7605 /* RadikalTrial-Bold.otf */; };
		9CA9C0F82B75EB4A00FF7605 /* UserInteractionUseCase.swift in Sources */ = {isa = PBXBuildFile; fileRef = 9CA9C0F72B75EB4A00FF7605 /* UserInteractionUseCase.swift */; };
		9CA9C0FA2B76D5F300FF7605 /* FetchVideoDataUseCase.swift in Sources */ = {isa = PBXBuildFile; fileRef = 9CA9C0F92B76D5F300FF7605 /* FetchVideoDataUseCase.swift */; };
		9CBF2A2E2A8F1EB300D1FDC4 /* AppState.swift in Sources */ = {isa = PBXBuildFile; fileRef = 9CBF2A2D2A8F1EB300D1FDC4 /* AppState.swift */; };
		9CBF2A312A8F21D700D1FDC4 /* LoadingIndicator.swift in Sources */ = {isa = PBXBuildFile; fileRef = 9CBF2A302A8F21D700D1FDC4 /* LoadingIndicator.swift */; };
		9CBF2A342A930F4A00D1FDC4 /* CommentModel.swift in Sources */ = {isa = PBXBuildFile; fileRef = 9CBF2A332A930F4A00D1FDC4 /* CommentModel.swift */; };
		9CD336EC2ACBDB3200312187 /* ProfileContentView.swift in Sources */ = {isa = PBXBuildFile; fileRef = 9CD336EB2ACBDB3200312187 /* ProfileContentView.swift */; };
		9CEC38B52B609BA300192619 /* BubbleBackground.swift in Sources */ = {isa = PBXBuildFile; fileRef = 9CEC38B42B609BA300192619 /* BubbleBackground.swift */; };
		9CEC38B72B621C7C00192619 /* GoogleService-Info.plist in Resources */ = {isa = PBXBuildFile; fileRef = 9CEC38B62B621C7C00192619 /* GoogleService-Info.plist */; };
		9CF7037E2A4E890200E96A5D /* ScuolaApp.swift in Sources */ = {isa = PBXBuildFile; fileRef = 9CF7037D2A4E890200E96A5D /* ScuolaApp.swift */; };
		9CF703802A4E890200E96A5D /* ContentView.swift in Sources */ = {isa = PBXBuildFile; fileRef = 9CF7037F2A4E890200E96A5D /* ContentView.swift */; };
		9CF703822A4E890400E96A5D /* Assets.xcassets in Resources */ = {isa = PBXBuildFile; fileRef = 9CF703812A4E890400E96A5D /* Assets.xcassets */; };
		9CF703852A4E890400E96A5D /* Preview Assets.xcassets in Resources */ = {isa = PBXBuildFile; fileRef = 9CF703842A4E890400E96A5D /* Preview Assets.xcassets */; };
		9CF7038F2A4E890400E96A5D /* ScuolaTests.swift in Sources */ = {isa = PBXBuildFile; fileRef = 9CF7038E2A4E890400E96A5D /* ScuolaTests.swift */; };
		9CF703992A4E890400E96A5D /* ScuolaUITests.swift in Sources */ = {isa = PBXBuildFile; fileRef = 9CF703982A4E890400E96A5D /* ScuolaUITests.swift */; };
		9CF7039B2A4E890400E96A5D /* ScuolaUITestsLaunchTests.swift in Sources */ = {isa = PBXBuildFile; fileRef = 9CF7039A2A4E890400E96A5D /* ScuolaUITestsLaunchTests.swift */; };
		9CF703A82A4E8D5A00E96A5D /* GoogleService-Info.plist in Resources */ = {isa = PBXBuildFile; fileRef = 9CF703A72A4E8D5900E96A5D /* GoogleService-Info.plist */; };
		9CF703AC2A4E8D9A00E96A5D /* FirebaseAnalytics in Frameworks */ = {isa = PBXBuildFile; productRef = 9CF703AB2A4E8D9A00E96A5D /* FirebaseAnalytics */; };
		9CF703AE2A4E8D9A00E96A5D /* FirebaseAnalyticsOnDeviceConversion in Frameworks */ = {isa = PBXBuildFile; productRef = 9CF703AD2A4E8D9A00E96A5D /* FirebaseAnalyticsOnDeviceConversion */; };
		9CF703B02A4E8D9A00E96A5D /* FirebaseAnalyticsSwift in Frameworks */ = {isa = PBXBuildFile; productRef = 9CF703AF2A4E8D9A00E96A5D /* FirebaseAnalyticsSwift */; };
		9CF703B22A4E8D9A00E96A5D /* FirebaseAnalyticsWithoutAdIdSupport in Frameworks */ = {isa = PBXBuildFile; productRef = 9CF703B12A4E8D9A00E96A5D /* FirebaseAnalyticsWithoutAdIdSupport */; };
		9CF703B42A4E8D9A00E96A5D /* FirebaseAppCheck in Frameworks */ = {isa = PBXBuildFile; productRef = 9CF703B32A4E8D9A00E96A5D /* FirebaseAppCheck */; };
		9CF703B62A4E8D9A00E96A5D /* FirebaseAppDistribution-Beta in Frameworks */ = {isa = PBXBuildFile; productRef = 9CF703B52A4E8D9A00E96A5D /* FirebaseAppDistribution-Beta */; };
		9CF703B82A4E8D9A00E96A5D /* FirebaseAuth in Frameworks */ = {isa = PBXBuildFile; productRef = 9CF703B72A4E8D9A00E96A5D /* FirebaseAuth */; };
		9CF703BA2A4E8D9A00E96A5D /* FirebaseAuthCombine-Community in Frameworks */ = {isa = PBXBuildFile; productRef = 9CF703B92A4E8D9A00E96A5D /* FirebaseAuthCombine-Community */; };
		9CF703BC2A4E8D9A00E96A5D /* FirebaseCrashlytics in Frameworks */ = {isa = PBXBuildFile; productRef = 9CF703BB2A4E8D9A00E96A5D /* FirebaseCrashlytics */; };
		9CF703BE2A4E8D9A00E96A5D /* FirebaseDatabase in Frameworks */ = {isa = PBXBuildFile; productRef = 9CF703BD2A4E8D9A00E96A5D /* FirebaseDatabase */; };
		9CF703C02A4E8D9A00E96A5D /* FirebaseDatabaseSwift in Frameworks */ = {isa = PBXBuildFile; productRef = 9CF703BF2A4E8D9A00E96A5D /* FirebaseDatabaseSwift */; };
		9CF703C22A4E8D9A00E96A5D /* FirebaseDynamicLinks in Frameworks */ = {isa = PBXBuildFile; productRef = 9CF703C12A4E8D9A00E96A5D /* FirebaseDynamicLinks */; };
		9CF703C42A4E8D9A00E96A5D /* FirebaseFirestore in Frameworks */ = {isa = PBXBuildFile; productRef = 9CF703C32A4E8D9A00E96A5D /* FirebaseFirestore */; };
		9CF703C62A4E8D9A00E96A5D /* FirebaseFirestoreCombine-Community in Frameworks */ = {isa = PBXBuildFile; productRef = 9CF703C52A4E8D9A00E96A5D /* FirebaseFirestoreCombine-Community */; };
		9CF703C82A4E8D9A00E96A5D /* FirebaseFirestoreSwift in Frameworks */ = {isa = PBXBuildFile; productRef = 9CF703C72A4E8D9A00E96A5D /* FirebaseFirestoreSwift */; };
		9CF703CA2A4E8D9A00E96A5D /* FirebaseFunctions in Frameworks */ = {isa = PBXBuildFile; productRef = 9CF703C92A4E8D9A00E96A5D /* FirebaseFunctions */; };
		9CF703CC2A4E8D9A00E96A5D /* FirebaseFunctionsCombine-Community in Frameworks */ = {isa = PBXBuildFile; productRef = 9CF703CB2A4E8D9A00E96A5D /* FirebaseFunctionsCombine-Community */; };
		9CF703CE2A4E8D9A00E96A5D /* FirebaseInAppMessaging-Beta in Frameworks */ = {isa = PBXBuildFile; productRef = 9CF703CD2A4E8D9A00E96A5D /* FirebaseInAppMessaging-Beta */; };
		9CF703D02A4E8D9A00E96A5D /* FirebaseInAppMessagingSwift-Beta in Frameworks */ = {isa = PBXBuildFile; productRef = 9CF703CF2A4E8D9A00E96A5D /* FirebaseInAppMessagingSwift-Beta */; };
		9CF703D22A4E8D9A00E96A5D /* FirebaseInstallations in Frameworks */ = {isa = PBXBuildFile; productRef = 9CF703D12A4E8D9A00E96A5D /* FirebaseInstallations */; };
		9CF703D42A4E8D9A00E96A5D /* FirebaseMLModelDownloader in Frameworks */ = {isa = PBXBuildFile; productRef = 9CF703D32A4E8D9A00E96A5D /* FirebaseMLModelDownloader */; };
		9CF703D62A4E8D9A00E96A5D /* FirebaseMessaging in Frameworks */ = {isa = PBXBuildFile; productRef = 9CF703D52A4E8D9A00E96A5D /* FirebaseMessaging */; };
		9CF703D82A4E8D9A00E96A5D /* FirebasePerformance in Frameworks */ = {isa = PBXBuildFile; productRef = 9CF703D72A4E8D9A00E96A5D /* FirebasePerformance */; };
		9CF703DA2A4E8D9A00E96A5D /* FirebaseRemoteConfig in Frameworks */ = {isa = PBXBuildFile; productRef = 9CF703D92A4E8D9A00E96A5D /* FirebaseRemoteConfig */; };
		9CF703DC2A4E8D9A00E96A5D /* FirebaseRemoteConfigSwift in Frameworks */ = {isa = PBXBuildFile; productRef = 9CF703DB2A4E8D9A00E96A5D /* FirebaseRemoteConfigSwift */; };
		9CF703DE2A4E8D9A00E96A5D /* FirebaseStorage in Frameworks */ = {isa = PBXBuildFile; productRef = 9CF703DD2A4E8D9A00E96A5D /* FirebaseStorage */; };
		9CF703E02A4E8D9A00E96A5D /* FirebaseStorageCombine-Community in Frameworks */ = {isa = PBXBuildFile; productRef = 9CF703DF2A4E8D9A00E96A5D /* FirebaseStorageCombine-Community */; };
		9CF703E32A4E8EAB00E96A5D /* MuxSpaces in Frameworks */ = {isa = PBXBuildFile; productRef = 9CF703E22A4E8EAB00E96A5D /* MuxSpaces */; };
		9CF703E52A4E8EAB00E96A5D /* MuxSpacesReplayKit in Frameworks */ = {isa = PBXBuildFile; productRef = 9CF703E42A4E8EAB00E96A5D /* MuxSpacesReplayKit */; };
		9CF703E72A4E8EAB00E96A5D /* MuxSpacesUX in Frameworks */ = {isa = PBXBuildFile; productRef = 9CF703E62A4E8EAB00E96A5D /* MuxSpacesUX */; };
		9CF704082A4E92EC00E96A5D /* CustomColor.swift in Sources */ = {isa = PBXBuildFile; fileRef = 9CF704072A4E92EC00E96A5D /* CustomColor.swift */; };
		9CF7040A2A4E93BB00E96A5D /* HomeScreen.swift in Sources */ = {isa = PBXBuildFile; fileRef = 9CF704092A4E93BB00E96A5D /* HomeScreen.swift */; };
		9CF7040D2A4E98FA00E96A5D /* SessionService.swift in Sources */ = {isa = PBXBuildFile; fileRef = 9CF7040C2A4E98FA00E96A5D /* SessionService.swift */; };
		9CF7040F2A4E9E5300E96A5D /* DashboardView.swift in Sources */ = {isa = PBXBuildFile; fileRef = 9CF7040E2A4E9E5300E96A5D /* DashboardView.swift */; };
		9CF704122A4F4D0300E96A5D /* LiveStreamView.swift in Sources */ = {isa = PBXBuildFile; fileRef = 9CF704112A4F4D0300E96A5D /* LiveStreamView.swift */; };
		9CF704172A51405D00E96A5D /* PermissionsManager.swift in Sources */ = {isa = PBXBuildFile; fileRef = 9CF704162A51405D00E96A5D /* PermissionsManager.swift */; };
		9CF704192A5146AF00E96A5D /* CameraStreamView.swift in Sources */ = {isa = PBXBuildFile; fileRef = 9CF704182A5146AF00E96A5D /* CameraStreamView.swift */; };
		9CF7041C2A514C3900E96A5D /* CameraManager.swift in Sources */ = {isa = PBXBuildFile; fileRef = 9CF7041B2A514C3900E96A5D /* CameraManager.swift */; };
		9CF7041E2A52224900E96A5D /* BroadcastManager.swift in Sources */ = {isa = PBXBuildFile; fileRef = 9CF7041D2A52224900E96A5D /* BroadcastManager.swift */; };
		9CF704232A527BCB00E96A5D /* MuxCredentials.swift in Sources */ = {isa = PBXBuildFile; fileRef = 9CF704222A527BCB00E96A5D /* MuxCredentials.swift */; };
		9CFE1FD32B83F4EF0067600A /* EditAccountUseCase.swift in Sources */ = {isa = PBXBuildFile; fileRef = 9CFE1FD22B83F4EF0067600A /* EditAccountUseCase.swift */; };
		9CFE1FD52B86C65A0067600A /* MediaUploadView.swift in Sources */ = {isa = PBXBuildFile; fileRef = 9CFE1FD42B86C65A0067600A /* MediaUploadView.swift */; };
/* End PBXBuildFile section */

/* Begin PBXContainerItemProxy section */
		9CF7038B2A4E890400E96A5D /* PBXContainerItemProxy */ = {
			isa = PBXContainerItemProxy;
			containerPortal = 9CF703722A4E890200E96A5D /* Project object */;
			proxyType = 1;
			remoteGlobalIDString = 9CF703792A4E890200E96A5D;
			remoteInfo = Scuola;
		};
		9CF703952A4E890400E96A5D /* PBXContainerItemProxy */ = {
			isa = PBXContainerItemProxy;
			containerPortal = 9CF703722A4E890200E96A5D /* Project object */;
			proxyType = 1;
			remoteGlobalIDString = 9CF703792A4E890200E96A5D;
			remoteInfo = Scuola;
		};
/* End PBXContainerItemProxy section */

/* Begin PBXFileReference section */
		9C23D4F92B8C23710098EDB3 /* FactoToggle.swift */ = {isa = PBXFileReference; lastKnownFileType = sourcecode.swift; path = FactoToggle.swift; sourceTree = "<group>"; };
		9C23D4FC2B8C35650098EDB3 /* Localizable.xcstrings */ = {isa = PBXFileReference; lastKnownFileType = text.json.xcstrings; path = Localizable.xcstrings; sourceTree = "<group>"; };
		9C23D4FF2B8C5ACB0098EDB3 /* VideoUploadInfoView.swift */ = {isa = PBXFileReference; lastKnownFileType = sourcecode.swift; path = VideoUploadInfoView.swift; sourceTree = "<group>"; };
		9C3DD3812B7F38F9006C09B8 /* ProfileEditView.swift */ = {isa = PBXFileReference; lastKnownFileType = sourcecode.swift; path = ProfileEditView.swift; sourceTree = "<group>"; };
		9C3DD3832B7FBDAD006C09B8 /* ScuolaCircleButton.swift */ = {isa = PBXFileReference; lastKnownFileType = sourcecode.swift; path = ScuolaCircleButton.swift; sourceTree = "<group>"; };
		9C3DD38B2B7FFDAA006C09B8 /* VideoPostsView.swift */ = {isa = PBXFileReference; lastKnownFileType = sourcecode.swift; path = VideoPostsView.swift; sourceTree = "<group>"; };
		9C3DD38D2B7FFEED006C09B8 /* VideoPostItem.swift */ = {isa = PBXFileReference; lastKnownFileType = sourcecode.swift; path = VideoPostItem.swift; sourceTree = "<group>"; };
		9C7CA8112A527C7B0083EADC /* mux-ScuolaiOSDev.env */ = {isa = PBXFileReference; lastKnownFileType = text; name = "mux-ScuolaiOSDev.env"; path = "../../../Downloads/mux-ScuolaiOSDev.env"; sourceTree = "<group>"; };
		9C7CA8132A52888C0083EADC /* VideoView.swift */ = {isa = PBXFileReference; lastKnownFileType = sourcecode.swift; path = VideoView.swift; sourceTree = "<group>"; };
		9C7CA81A2A5A66A60083EADC /* SettingsView.swift */ = {isa = PBXFileReference; lastKnownFileType = sourcecode.swift; path = SettingsView.swift; sourceTree = "<group>"; };
		9C7CA8212A5FC31D0083EADC /* FeaturedView.swift */ = {isa = PBXFileReference; lastKnownFileType = sourcecode.swift; path = FeaturedView.swift; sourceTree = "<group>"; };
		9C7CA82C2A64E7670083EADC /* VideoAssetView.swift */ = {isa = PBXFileReference; lastKnownFileType = sourcecode.swift; path = VideoAssetView.swift; sourceTree = "<group>"; };
		9C7CA82F2A6641FB0083EADC /* CommentSection.swift */ = {isa = PBXFileReference; lastKnownFileType = sourcecode.swift; path = CommentSection.swift; sourceTree = "<group>"; };
		9C7CA8312A6642410083EADC /* CommentSectionPreview.swift */ = {isa = PBXFileReference; lastKnownFileType = sourcecode.swift; path = CommentSectionPreview.swift; sourceTree = "<group>"; };
		9C7CA8342A664FE40083EADC /* CommentView.swift */ = {isa = PBXFileReference; lastKnownFileType = sourcecode.swift; path = CommentView.swift; sourceTree = "<group>"; };
		9C7CA8382A66599E0083EADC /* Comment.swift */ = {isa = PBXFileReference; lastKnownFileType = sourcecode.swift; path = Comment.swift; sourceTree = "<group>"; };
		9C7CA83A2A721D820083EADC /* DescriptionView.swift */ = {isa = PBXFileReference; lastKnownFileType = sourcecode.swift; path = DescriptionView.swift; sourceTree = "<group>"; };
		9C7CA83C2A79F2460083EADC /* ActionBar.swift */ = {isa = PBXFileReference; lastKnownFileType = sourcecode.swift; path = ActionBar.swift; sourceTree = "<group>"; };
		9C7CA83E2A7A07E50083EADC /* ProfileBarView.swift */ = {isa = PBXFileReference; lastKnownFileType = sourcecode.swift; path = ProfileBarView.swift; sourceTree = "<group>"; };
		9C7CA8412A7B5ED40083EADC /* ScuolaActionButton.swift */ = {isa = PBXFileReference; lastKnownFileType = sourcecode.swift; path = ScuolaActionButton.swift; sourceTree = "<group>"; };
		9C7CA8442A8093490083EADC /* ProfileView.swift */ = {isa = PBXFileReference; lastKnownFileType = sourcecode.swift; path = ProfileView.swift; sourceTree = "<group>"; };
		9C7CA8462A809FD40083EADC /* ProfileHeaderView.swift */ = {isa = PBXFileReference; lastKnownFileType = sourcecode.swift; path = ProfileHeaderView.swift; sourceTree = "<group>"; };
		9C7CA8482A889AEA0083EADC /* ScuolaButton.swift */ = {isa = PBXFileReference; lastKnownFileType = sourcecode.swift; path = ScuolaButton.swift; sourceTree = "<group>"; };
		9C87F2112B800AB4002B78DC /* ScuolaCircleNavButton.swift */ = {isa = PBXFileReference; lastKnownFileType = sourcecode.swift; path = ScuolaCircleNavButton.swift; sourceTree = "<group>"; };
		9C8C435C2B68A8B000280963 /* LandingPage.swift */ = {isa = PBXFileReference; lastKnownFileType = sourcecode.swift; path = LandingPage.swift; sourceTree = "<group>"; };
		9C8C43622B6EB4FA00280963 /* SignupScreen.swift */ = {isa = PBXFileReference; lastKnownFileType = sourcecode.swift; path = SignupScreen.swift; sourceTree = "<group>"; };
		9C8C43642B6EB70B00280963 /* CredentialsInputPage.swift */ = {isa = PBXFileReference; lastKnownFileType = sourcecode.swift; path = CredentialsInputPage.swift; sourceTree = "<group>"; };
		9C8C43662B6EB9FD00280963 /* ProfileInfoInputPage.swift */ = {isa = PBXFileReference; lastKnownFileType = sourcecode.swift; path = ProfileInfoInputPage.swift; sourceTree = "<group>"; };
		9C8C43682B6EBA5600280963 /* BirthdateInputPage.swift */ = {isa = PBXFileReference; lastKnownFileType = sourcecode.swift; path = BirthdateInputPage.swift; sourceTree = "<group>"; };
		9C8C436A2B6EBAC100280963 /* NotificationsPermissionPage.swift */ = {isa = PBXFileReference; lastKnownFileType = sourcecode.swift; path = NotificationsPermissionPage.swift; sourceTree = "<group>"; };
		9C8C436C2B6EBAFE00280963 /* TermsAndConditionsPage.swift */ = {isa = PBXFileReference; lastKnownFileType = sourcecode.swift; path = TermsAndConditionsPage.swift; sourceTree = "<group>"; };
		9C8C436F2B6EC88300280963 /* Account.swift */ = {isa = PBXFileReference; lastKnownFileType = sourcecode.swift; path = Account.swift; sourceTree = "<group>"; };
		9C8C43722B6EC9F900280963 /* FetchAccountUseCase.swift */ = {isa = PBXFileReference; lastKnownFileType = sourcecode.swift; path = FetchAccountUseCase.swift; sourceTree = "<group>"; };
		9C8C43762B6ECD7000280963 /* NumberFormatterService.swift */ = {isa = PBXFileReference; lastKnownFileType = sourcecode.swift; path = NumberFormatterService.swift; sourceTree = "<group>"; };
		9C8C437B2B6F5DD900280963 /* LoginPage.swift */ = {isa = PBXFileReference; lastKnownFileType = sourcecode.swift; path = LoginPage.swift; sourceTree = "<group>"; };
		9C8C43802B6F62C900280963 /* ScuolaNavButton.swift */ = {isa = PBXFileReference; lastKnownFileType = sourcecode.swift; path = ScuolaNavButton.swift; sourceTree = "<group>"; };
		9C8C43832B708EF800280963 /* SessionServiceImpl.swift */ = {isa = PBXFileReference; lastKnownFileType = sourcecode.swift; path = SessionServiceImpl.swift; sourceTree = "<group>"; };
		9C8C43862B70910400280963 /* AuthenticationUseCase.swift */ = {isa = PBXFileReference; lastKnownFileType = sourcecode.swift; path = AuthenticationUseCase.swift; sourceTree = "<group>"; };
		9C8C43882B7091B800280963 /* FirebaseAuthManager.swift */ = {isa = PBXFileReference; lastKnownFileType = sourcecode.swift; path = FirebaseAuthManager.swift; sourceTree = "<group>"; };
		9C8C438A2B70948700280963 /* VideoAsset.swift */ = {isa = PBXFileReference; lastKnownFileType = sourcecode.swift; path = VideoAsset.swift; sourceTree = "<group>"; };
		9C8C43942B74896700280963 /* SubscriptionsView.swift */ = {isa = PBXFileReference; lastKnownFileType = sourcecode.swift; path = SubscriptionsView.swift; sourceTree = "<group>"; };
		9C8C43982B748A0800280963 /* HomeItemLarge.swift */ = {isa = PBXFileReference; lastKnownFileType = sourcecode.swift; path = HomeItemLarge.swift; sourceTree = "<group>"; };
		9C8C439A2B7497B600280963 /* Thumbnail.swift */ = {isa = PBXFileReference; lastKnownFileType = sourcecode.swift; path = Thumbnail.swift; sourceTree = "<group>"; };
		9CA9C0D92B759A0E00FF7605 /* RadikalTrial-RegularItalic.otf */ = {isa = PBXFileReference; lastKnownFileType = file; path = "RadikalTrial-RegularItalic.otf"; sourceTree = "<group>"; };
		9CA9C0DA2B759A0E00FF7605 /* RadikalTrial-Regular.otf */ = {isa = PBXFileReference; lastKnownFileType = file; path = "RadikalTrial-Regular.otf"; sourceTree = "<group>"; };
		9CA9C0DB2B759A0E00FF7605 /* RadikalTrial-UltraThinItalic.otf */ = {isa = PBXFileReference; lastKnownFileType = file; path = "RadikalTrial-UltraThinItalic.otf"; sourceTree = "<group>"; };
		9CA9C0DC2B759A0E00FF7605 /* RadikalTrial-LightItalic.otf */ = {isa = PBXFileReference; lastKnownFileType = file; path = "RadikalTrial-LightItalic.otf"; sourceTree = "<group>"; };
		9CA9C0DD2B759A0E00FF7605 /* RadikalTrial-Thin.otf */ = {isa = PBXFileReference; lastKnownFileType = file; path = "RadikalTrial-Thin.otf"; sourceTree = "<group>"; };
		9CA9C0DE2B759A0E00FF7605 /* RadikalTrial-Light.otf */ = {isa = PBXFileReference; lastKnownFileType = file; path = "RadikalTrial-Light.otf"; sourceTree = "<group>"; };
		9CA9C0DF2B759A0E00FF7605 /* RadikalTrial-BoldItalic.otf */ = {isa = PBXFileReference; lastKnownFileType = file; path = "RadikalTrial-BoldItalic.otf"; sourceTree = "<group>"; };
		9CA9C0E02B759A0F00FF7605 /* Radikal-Medium.otf */ = {isa = PBXFileReference; lastKnownFileType = file; path = "Radikal-Medium.otf"; sourceTree = "<group>"; };
		9CA9C0E12B759A0F00FF7605 /* RadikalTrial-MediumItalic.otf */ = {isa = PBXFileReference; lastKnownFileType = file; path = "RadikalTrial-MediumItalic.otf"; sourceTree = "<group>"; };
		9CA9C0E22B759A0F00FF7605 /* RadikalTrial-Black.otf */ = {isa = PBXFileReference; lastKnownFileType = file; path = "RadikalTrial-Black.otf"; sourceTree = "<group>"; };
		9CA9C0E32B759A0F00FF7605 /* RadikalTrial-BlackItalic.otf */ = {isa = PBXFileReference; lastKnownFileType = file; path = "RadikalTrial-BlackItalic.otf"; sourceTree = "<group>"; };
		9CA9C0E42B759A0F00FF7605 /* RadikalTrial-UltraThin.otf */ = {isa = PBXFileReference; lastKnownFileType = file; path = "RadikalTrial-UltraThin.otf"; sourceTree = "<group>"; };
		9CA9C0E52B759A0F00FF7605 /* RadikalTrial-ThinItalic.otf */ = {isa = PBXFileReference; lastKnownFileType = file; path = "RadikalTrial-ThinItalic.otf"; sourceTree = "<group>"; };
		9CA9C0E62B759A0F00FF7605 /* RadikalTrial-Bold.otf */ = {isa = PBXFileReference; lastKnownFileType = file; path = "RadikalTrial-Bold.otf"; sourceTree = "<group>"; };
		9CA9C0F72B75EB4A00FF7605 /* UserInteractionUseCase.swift */ = {isa = PBXFileReference; lastKnownFileType = sourcecode.swift; path = UserInteractionUseCase.swift; sourceTree = "<group>"; };
		9CA9C0F92B76D5F300FF7605 /* FetchVideoDataUseCase.swift */ = {isa = PBXFileReference; lastKnownFileType = sourcecode.swift; path = FetchVideoDataUseCase.swift; sourceTree = "<group>"; };
		9CBF2A2D2A8F1EB300D1FDC4 /* AppState.swift */ = {isa = PBXFileReference; lastKnownFileType = sourcecode.swift; path = AppState.swift; sourceTree = "<group>"; };
		9CBF2A302A8F21D700D1FDC4 /* LoadingIndicator.swift */ = {isa = PBXFileReference; lastKnownFileType = sourcecode.swift; path = LoadingIndicator.swift; sourceTree = "<group>"; };
		9CBF2A332A930F4A00D1FDC4 /* CommentModel.swift */ = {isa = PBXFileReference; lastKnownFileType = sourcecode.swift; path = CommentModel.swift; sourceTree = "<group>"; };
		9CD336EB2ACBDB3200312187 /* ProfileContentView.swift */ = {isa = PBXFileReference; lastKnownFileType = sourcecode.swift; path = ProfileContentView.swift; sourceTree = "<group>"; };
		9CEC38B42B609BA300192619 /* BubbleBackground.swift */ = {isa = PBXFileReference; lastKnownFileType = sourcecode.swift; path = BubbleBackground.swift; sourceTree = "<group>"; };
		9CEC38B62B621C7C00192619 /* GoogleService-Info.plist */ = {isa = PBXFileReference; fileEncoding = 4; lastKnownFileType = text.plist.xml; name = "GoogleService-Info.plist"; path = "../../../Downloads/GoogleService-Info.plist"; sourceTree = "<group>"; };
		9CF7037A2A4E890200E96A5D /* Scuola.app */ = {isa = PBXFileReference; explicitFileType = wrapper.application; includeInIndex = 0; path = Scuola.app; sourceTree = BUILT_PRODUCTS_DIR; };
		9CF7037D2A4E890200E96A5D /* ScuolaApp.swift */ = {isa = PBXFileReference; lastKnownFileType = sourcecode.swift; path = ScuolaApp.swift; sourceTree = "<group>"; };
		9CF7037F2A4E890200E96A5D /* ContentView.swift */ = {isa = PBXFileReference; lastKnownFileType = sourcecode.swift; path = ContentView.swift; sourceTree = "<group>"; };
		9CF703812A4E890400E96A5D /* Assets.xcassets */ = {isa = PBXFileReference; lastKnownFileType = folder.assetcatalog; path = Assets.xcassets; sourceTree = "<group>"; };
		9CF703842A4E890400E96A5D /* Preview Assets.xcassets */ = {isa = PBXFileReference; lastKnownFileType = folder.assetcatalog; path = "Preview Assets.xcassets"; sourceTree = "<group>"; };
		9CF7038A2A4E890400E96A5D /* ScuolaTests.xctest */ = {isa = PBXFileReference; explicitFileType = wrapper.cfbundle; includeInIndex = 0; path = ScuolaTests.xctest; sourceTree = BUILT_PRODUCTS_DIR; };
		9CF7038E2A4E890400E96A5D /* ScuolaTests.swift */ = {isa = PBXFileReference; lastKnownFileType = sourcecode.swift; path = ScuolaTests.swift; sourceTree = "<group>"; };
		9CF703942A4E890400E96A5D /* ScuolaUITests.xctest */ = {isa = PBXFileReference; explicitFileType = wrapper.cfbundle; includeInIndex = 0; path = ScuolaUITests.xctest; sourceTree = BUILT_PRODUCTS_DIR; };
		9CF703982A4E890400E96A5D /* ScuolaUITests.swift */ = {isa = PBXFileReference; lastKnownFileType = sourcecode.swift; path = ScuolaUITests.swift; sourceTree = "<group>"; };
		9CF7039A2A4E890400E96A5D /* ScuolaUITestsLaunchTests.swift */ = {isa = PBXFileReference; lastKnownFileType = sourcecode.swift; path = ScuolaUITestsLaunchTests.swift; sourceTree = "<group>"; };
		9CF703A72A4E8D5900E96A5D /* GoogleService-Info.plist */ = {isa = PBXFileReference; fileEncoding = 4; lastKnownFileType = text.plist.xml; name = "GoogleService-Info.plist"; path = "../../../../Downloads/GoogleService-Info.plist"; sourceTree = "<group>"; };
		9CF703E82A4E8F7900E96A5D /* Info.plist */ = {isa = PBXFileReference; lastKnownFileType = text.plist; path = Info.plist; sourceTree = "<group>"; };
		9CF704072A4E92EC00E96A5D /* CustomColor.swift */ = {isa = PBXFileReference; lastKnownFileType = sourcecode.swift; path = CustomColor.swift; sourceTree = "<group>"; };
		9CF704092A4E93BB00E96A5D /* HomeScreen.swift */ = {isa = PBXFileReference; lastKnownFileType = sourcecode.swift; path = HomeScreen.swift; sourceTree = "<group>"; };
		9CF7040C2A4E98FA00E96A5D /* SessionService.swift */ = {isa = PBXFileReference; lastKnownFileType = sourcecode.swift; path = SessionService.swift; sourceTree = "<group>"; };
		9CF7040E2A4E9E5300E96A5D /* DashboardView.swift */ = {isa = PBXFileReference; lastKnownFileType = sourcecode.swift; path = DashboardView.swift; sourceTree = "<group>"; };
		9CF704112A4F4D0300E96A5D /* LiveStreamView.swift */ = {isa = PBXFileReference; lastKnownFileType = sourcecode.swift; path = LiveStreamView.swift; sourceTree = "<group>"; };
		9CF704162A51405D00E96A5D /* PermissionsManager.swift */ = {isa = PBXFileReference; lastKnownFileType = sourcecode.swift; path = PermissionsManager.swift; sourceTree = "<group>"; };
		9CF704182A5146AF00E96A5D /* CameraStreamView.swift */ = {isa = PBXFileReference; lastKnownFileType = sourcecode.swift; path = CameraStreamView.swift; sourceTree = "<group>"; };
		9CF7041B2A514C3900E96A5D /* CameraManager.swift */ = {isa = PBXFileReference; lastKnownFileType = sourcecode.swift; path = CameraManager.swift; sourceTree = "<group>"; };
		9CF7041D2A52224900E96A5D /* BroadcastManager.swift */ = {isa = PBXFileReference; lastKnownFileType = sourcecode.swift; path = BroadcastManager.swift; sourceTree = "<group>"; };
		9CF704222A527BCB00E96A5D /* MuxCredentials.swift */ = {isa = PBXFileReference; lastKnownFileType = sourcecode.swift; path = MuxCredentials.swift; sourceTree = "<group>"; };
		9CFE1FD22B83F4EF0067600A /* EditAccountUseCase.swift */ = {isa = PBXFileReference; lastKnownFileType = sourcecode.swift; path = EditAccountUseCase.swift; sourceTree = "<group>"; };
		9CFE1FD42B86C65A0067600A /* MediaUploadView.swift */ = {isa = PBXFileReference; lastKnownFileType = sourcecode.swift; path = MediaUploadView.swift; sourceTree = "<group>"; };
/* End PBXFileReference section */

/* Begin PBXFrameworksBuildPhase section */
		9CF703772A4E890200E96A5D /* Frameworks */ = {
			isa = PBXFrameworksBuildPhase;
			buildActionMask = 2147483647;
			files = (
				9CF703BE2A4E8D9A00E96A5D /* FirebaseDatabase in Frameworks */,
				9CF703CC2A4E8D9A00E96A5D /* FirebaseFunctionsCombine-Community in Frameworks */,
				9CF703C42A4E8D9A00E96A5D /* FirebaseFirestore in Frameworks */,
				9CF703B02A4E8D9A00E96A5D /* FirebaseAnalyticsSwift in Frameworks */,
				9CF703AC2A4E8D9A00E96A5D /* FirebaseAnalytics in Frameworks */,
				9CF703E52A4E8EAB00E96A5D /* MuxSpacesReplayKit in Frameworks */,
				9CF703AE2A4E8D9A00E96A5D /* FirebaseAnalyticsOnDeviceConversion in Frameworks */,
				9CF703D42A4E8D9A00E96A5D /* FirebaseMLModelDownloader in Frameworks */,
				9CF703C82A4E8D9A00E96A5D /* FirebaseFirestoreSwift in Frameworks */,
				9CF703E72A4E8EAB00E96A5D /* MuxSpacesUX in Frameworks */,
				9CF703B42A4E8D9A00E96A5D /* FirebaseAppCheck in Frameworks */,
				9CF703B22A4E8D9A00E96A5D /* FirebaseAnalyticsWithoutAdIdSupport in Frameworks */,
				9CF703B82A4E8D9A00E96A5D /* FirebaseAuth in Frameworks */,
				9CF703BC2A4E8D9A00E96A5D /* FirebaseCrashlytics in Frameworks */,
				9CF703DC2A4E8D9A00E96A5D /* FirebaseRemoteConfigSwift in Frameworks */,
				9CF703CE2A4E8D9A00E96A5D /* FirebaseInAppMessaging-Beta in Frameworks */,
				9CF703C02A4E8D9A00E96A5D /* FirebaseDatabaseSwift in Frameworks */,
				9CF703CA2A4E8D9A00E96A5D /* FirebaseFunctions in Frameworks */,
				9CF703E02A4E8D9A00E96A5D /* FirebaseStorageCombine-Community in Frameworks */,
				9CF703DA2A4E8D9A00E96A5D /* FirebaseRemoteConfig in Frameworks */,
				9CF703E32A4E8EAB00E96A5D /* MuxSpaces in Frameworks */,
				9CF703B62A4E8D9A00E96A5D /* FirebaseAppDistribution-Beta in Frameworks */,
				9CF703BA2A4E8D9A00E96A5D /* FirebaseAuthCombine-Community in Frameworks */,
				9CF703D82A4E8D9A00E96A5D /* FirebasePerformance in Frameworks */,
				9CF703D02A4E8D9A00E96A5D /* FirebaseInAppMessagingSwift-Beta in Frameworks */,
				9CF703DE2A4E8D9A00E96A5D /* FirebaseStorage in Frameworks */,
				9CF703C22A4E8D9A00E96A5D /* FirebaseDynamicLinks in Frameworks */,
				9CF703C62A4E8D9A00E96A5D /* FirebaseFirestoreCombine-Community in Frameworks */,
				9CF703D62A4E8D9A00E96A5D /* FirebaseMessaging in Frameworks */,
				9CF703D22A4E8D9A00E96A5D /* FirebaseInstallations in Frameworks */,
			);
			runOnlyForDeploymentPostprocessing = 0;
		};
		9CF703872A4E890400E96A5D /* Frameworks */ = {
			isa = PBXFrameworksBuildPhase;
			buildActionMask = 2147483647;
			files = (
			);
			runOnlyForDeploymentPostprocessing = 0;
		};
		9CF703912A4E890400E96A5D /* Frameworks */ = {
			isa = PBXFrameworksBuildPhase;
			buildActionMask = 2147483647;
			files = (
			);
			runOnlyForDeploymentPostprocessing = 0;
		};
/* End PBXFrameworksBuildPhase section */

/* Begin PBXGroup section */
		9C23D4FB2B8C349E0098EDB3 /* Strings */ = {
			isa = PBXGroup;
			children = (
				9C23D4FC2B8C35650098EDB3 /* Localizable.xcstrings */,
			);
			path = Strings;
			sourceTree = "<group>";
		};
		9C23D4FE2B8C5A8B0098EDB3 /* UploadVideo */ = {
			isa = PBXGroup;
			children = (
				9C23D4FF2B8C5ACB0098EDB3 /* VideoUploadInfoView.swift */,
			);
			path = UploadVideo;
			sourceTree = "<group>";
		};
		9C3DD3802B7F38D6006C09B8 /* ProfileEditPage */ = {
			isa = PBXGroup;
			children = (
				9C3DD3812B7F38F9006C09B8 /* ProfileEditView.swift */,
			);
			path = ProfileEditPage;
			sourceTree = "<group>";
		};
		9C3DD3852B7FE0A6006C09B8 /* ProfileContentViews */ = {
			isa = PBXGroup;
			children = (
				9C3DD38A2B7FFD8B006C09B8 /* VideoPosts */,
			);
			path = ProfileContentViews;
			sourceTree = "<group>";
		};
		9C3DD38A2B7FFD8B006C09B8 /* VideoPosts */ = {
			isa = PBXGroup;
			children = (
				9C3DD38B2B7FFDAA006C09B8 /* VideoPostsView.swift */,
				9C3DD38D2B7FFEED006C09B8 /* VideoPostItem.swift */,
			);
			path = VideoPosts;
			sourceTree = "<group>";
		};
		9C7CA8122A5286250083EADC /* OnDemand */ = {
			isa = PBXGroup;
			children = (
				9C7CA8132A52888C0083EADC /* VideoView.swift */,
			);
			path = OnDemand;
			sourceTree = "<group>";
		};
		9C7CA82E2A6641DD0083EADC /* VideoAsset */ = {
			isa = PBXGroup;
			children = (
				9C7CA83C2A79F2460083EADC /* ActionBar.swift */,
				9C7CA82F2A6641FB0083EADC /* CommentSection.swift */,
				9C7CA8312A6642410083EADC /* CommentSectionPreview.swift */,
				9C7CA8342A664FE40083EADC /* CommentView.swift */,
				9C7CA83A2A721D820083EADC /* DescriptionView.swift */,
				9C7CA82C2A64E7670083EADC /* VideoAssetView.swift */,
				9C7CA83E2A7A07E50083EADC /* ProfileBarView.swift */,
			);
			path = VideoAsset;
			sourceTree = "<group>";
		};
		9C8C435E2B6EB44F00280963 /* Presentation */ = {
			isa = PBXGroup;
			children = (
				9CBF2A2D2A8F1EB300D1FDC4 /* AppState.swift */,
				9C8C43792B6F5CC000280963 /* Authentication */,
				9C8C437F2B6F628E00280963 /* BrandComponents */,
				9CF703EC2A4E906800E96A5D /* Dashboard */,
				9C8C43782B6F5C0300280963 /* Landing */,
				9C8C43912B7443B900280963 /* Profile */,
				9C8C438C2B7096EE00280963 /* Settings */,
				9CF703F82A4E90AD00E96A5D /* Theme */,
				9C8C43902B74439300280963 /* Video */,
			);
			path = Presentation;
			sourceTree = "<group>";
		};
		9C8C435F2B6EB45600280963 /* Domain */ = {
			isa = PBXGroup;
			children = (
				9C8C43712B6EC9A700280963 /* UseCases */,
				9C8C436E2B6EC87400280963 /* Entities */,
			);
			path = Domain;
			sourceTree = "<group>";
		};
		9C8C43602B6EB45A00280963 /* Data */ = {
			isa = PBXGroup;
			children = (
				9CA9C0F62B75EB3700FF7605 /* Interactions */,
				9CF7041A2A514BE100E96A5D /* Devices */,
				9C8C43742B6ECD5100280963 /* Frameworks */,
				9C8C43822B708ED100280963 /* Session */,
			);
			path = Data;
			sourceTree = "<group>";
		};
		9C8C43612B6EB4DF00280963 /* Signup */ = {
			isa = PBXGroup;
			children = (
				9C8C43622B6EB4FA00280963 /* SignupScreen.swift */,
				9C8C43642B6EB70B00280963 /* CredentialsInputPage.swift */,
				9C8C43662B6EB9FD00280963 /* ProfileInfoInputPage.swift */,
				9C8C43682B6EBA5600280963 /* BirthdateInputPage.swift */,
				9C8C436A2B6EBAC100280963 /* NotificationsPermissionPage.swift */,
				9C8C436C2B6EBAFE00280963 /* TermsAndConditionsPage.swift */,
			);
			path = Signup;
			sourceTree = "<group>";
		};
		9C8C436E2B6EC87400280963 /* Entities */ = {
			isa = PBXGroup;
			children = (
				9C8C436F2B6EC88300280963 /* Account.swift */,
				9C7CA8382A66599E0083EADC /* Comment.swift */,
				9CBF2A332A930F4A00D1FDC4 /* CommentModel.swift */,
				9C8C439A2B7497B600280963 /* Thumbnail.swift */,
				9C8C438A2B70948700280963 /* VideoAsset.swift */,
			);
			path = Entities;
			sourceTree = "<group>";
		};
		9C8C43712B6EC9A700280963 /* UseCases */ = {
			isa = PBXGroup;
			children = (
				9C8C43722B6EC9F900280963 /* FetchAccountUseCase.swift */,
				9C8C43862B70910400280963 /* AuthenticationUseCase.swift */,
				9CA9C0F72B75EB4A00FF7605 /* UserInteractionUseCase.swift */,
				9CA9C0F92B76D5F300FF7605 /* FetchVideoDataUseCase.swift */,
				9CFE1FD22B83F4EF0067600A /* EditAccountUseCase.swift */,
			);
			path = UseCases;
			sourceTree = "<group>";
		};
		9C8C43742B6ECD5100280963 /* Frameworks */ = {
			isa = PBXGroup;
			children = (
				9C8C43752B6ECD5B00280963 /* NumberFormatter */,
				9C8C43922B74488600280963 /* Permissions */,
			);
			path = Frameworks;
			sourceTree = "<group>";
		};
		9C8C43752B6ECD5B00280963 /* NumberFormatter */ = {
			isa = PBXGroup;
			children = (
				9C8C43762B6ECD7000280963 /* NumberFormatterService.swift */,
			);
			path = NumberFormatter;
			sourceTree = "<group>";
		};
		9C8C43782B6F5C0300280963 /* Landing */ = {
			isa = PBXGroup;
			children = (
				9C8C435C2B68A8B000280963 /* LandingPage.swift */,
				9CEC38B42B609BA300192619 /* BubbleBackground.swift */,
			);
			path = Landing;
			sourceTree = "<group>";
		};
		9C8C43792B6F5CC000280963 /* Authentication */ = {
			isa = PBXGroup;
			children = (
				9C8C437A2B6F5CCD00280963 /* Login */,
				9C8C43612B6EB4DF00280963 /* Signup */,
			);
			path = Authentication;
			sourceTree = "<group>";
		};
		9C8C437A2B6F5CCD00280963 /* Login */ = {
			isa = PBXGroup;
			children = (
				9C8C437B2B6F5DD900280963 /* LoginPage.swift */,
			);
			path = Login;
			sourceTree = "<group>";
		};
		9C8C437F2B6F628E00280963 /* BrandComponents */ = {
			isa = PBXGroup;
			children = (
				9CBF2A302A8F21D700D1FDC4 /* LoadingIndicator.swift */,
				9C7CA8412A7B5ED40083EADC /* ScuolaActionButton.swift */,
				9C7CA8482A889AEA0083EADC /* ScuolaButton.swift */,
				9C8C43802B6F62C900280963 /* ScuolaNavButton.swift */,
				9C3DD3832B7FBDAD006C09B8 /* ScuolaCircleButton.swift */,
				9C87F2112B800AB4002B78DC /* ScuolaCircleNavButton.swift */,
				9C23D4F92B8C23710098EDB3 /* FactoToggle.swift */,
			);
			path = BrandComponents;
			sourceTree = "<group>";
		};
		9C8C43822B708ED100280963 /* Session */ = {
			isa = PBXGroup;
			children = (
				9CF7040C2A4E98FA00E96A5D /* SessionService.swift */,
				9C8C43832B708EF800280963 /* SessionServiceImpl.swift */,
				9C8C43882B7091B800280963 /* FirebaseAuthManager.swift */,
			);
			path = Session;
			sourceTree = "<group>";
		};
		9C8C43852B70903F00280963 /* Camera */ = {
			isa = PBXGroup;
			children = (
				9CF7041B2A514C3900E96A5D /* CameraManager.swift */,
			);
			path = Camera;
			sourceTree = "<group>";
		};
		9C8C438C2B7096EE00280963 /* Settings */ = {
			isa = PBXGroup;
			children = (
				9C7CA81A2A5A66A60083EADC /* SettingsView.swift */,
			);
			path = Settings;
			sourceTree = "<group>";
		};
		9C8C438D2B74426900280963 /* Infrastructure */ = {
			isa = PBXGroup;
			children = (
				9C8C438E2B74429C00280963 /* Config */,
			);
			path = Infrastructure;
			sourceTree = "<group>";
		};
		9C8C438E2B74429C00280963 /* Config */ = {
			isa = PBXGroup;
			children = (
				9CF704222A527BCB00E96A5D /* MuxCredentials.swift */,
			);
			path = Config;
			sourceTree = "<group>";
		};
		9C8C438F2B7442B500280963 /* Resources */ = {
			isa = PBXGroup;
			children = (
				9CA9C0BC2B75969F00FF7605 /* Fonts */,
				9C23D4FB2B8C349E0098EDB3 /* Strings */,
			);
			path = Resources;
			sourceTree = "<group>";
		};
		9C8C43902B74439300280963 /* Video */ = {
			isa = PBXGroup;
			children = (
				9CFE1FD42B86C65A0067600A /* MediaUploadView.swift */,
				9CF704102A4F4CE700E96A5D /* Live */,
				9C7CA8122A5286250083EADC /* OnDemand */,
				9C23D4FE2B8C5A8B0098EDB3 /* UploadVideo */,
				9C7CA82E2A6641DD0083EADC /* VideoAsset */,
			);
			path = Video;
			sourceTree = "<group>";
		};
		9C8C43912B7443B900280963 /* Profile */ = {
			isa = PBXGroup;
			children = (
				9C3DD3852B7FE0A6006C09B8 /* ProfileContentViews */,
				9C3DD3802B7F38D6006C09B8 /* ProfileEditPage */,
				9CD336EB2ACBDB3200312187 /* ProfileContentView.swift */,
				9C7CA8462A809FD40083EADC /* ProfileHeaderView.swift */,
				9C7CA8442A8093490083EADC /* ProfileView.swift */,
			);
			path = Profile;
			sourceTree = "<group>";
		};
		9C8C43922B74488600280963 /* Permissions */ = {
			isa = PBXGroup;
			children = (
				9CF704162A51405D00E96A5D /* PermissionsManager.swift */,
			);
			path = Permissions;
			sourceTree = "<group>";
		};
		9CA9C0BC2B75969F00FF7605 /* Fonts */ = {
			isa = PBXGroup;
			children = (
				9CA9C0E22B759A0F00FF7605 /* RadikalTrial-Black.otf */,
				9CA9C0E32B759A0F00FF7605 /* RadikalTrial-BlackItalic.otf */,
				9CA9C0E62B759A0F00FF7605 /* RadikalTrial-Bold.otf */,
				9CA9C0DF2B759A0E00FF7605 /* RadikalTrial-BoldItalic.otf */,
				9CA9C0DE2B759A0E00FF7605 /* RadikalTrial-Light.otf */,
				9CA9C0DC2B759A0E00FF7605 /* RadikalTrial-LightItalic.otf */,
				9CA9C0E02B759A0F00FF7605 /* Radikal-Medium.otf */,
				9CA9C0E12B759A0F00FF7605 /* RadikalTrial-MediumItalic.otf */,
				9CA9C0DA2B759A0E00FF7605 /* RadikalTrial-Regular.otf */,
				9CA9C0D92B759A0E00FF7605 /* RadikalTrial-RegularItalic.otf */,
				9CA9C0DD2B759A0E00FF7605 /* RadikalTrial-Thin.otf */,
				9CA9C0E52B759A0F00FF7605 /* RadikalTrial-ThinItalic.otf */,
				9CA9C0E42B759A0F00FF7605 /* RadikalTrial-UltraThin.otf */,
				9CA9C0DB2B759A0E00FF7605 /* RadikalTrial-UltraThinItalic.otf */,
			);
			path = Fonts;
			sourceTree = "<group>";
		};
		9CA9C0F62B75EB3700FF7605 /* Interactions */ = {
			isa = PBXGroup;
			children = (
			);
			path = Interactions;
			sourceTree = "<group>";
		};
		9CF703712A4E890200E96A5D = {
			isa = PBXGroup;
			children = (
				9C7CA8112A527C7B0083EADC /* mux-ScuolaiOSDev.env */,
				9CEC38B62B621C7C00192619 /* GoogleService-Info.plist */,
				9CF7037C2A4E890200E96A5D /* Scuola */,
				9CF7038D2A4E890400E96A5D /* ScuolaTests */,
				9CF703972A4E890400E96A5D /* ScuolaUITests */,
				9CF7037B2A4E890200E96A5D /* Products */,
			);
			sourceTree = "<group>";
		};
		9CF7037B2A4E890200E96A5D /* Products */ = {
			isa = PBXGroup;
			children = (
				9CF7037A2A4E890200E96A5D /* Scuola.app */,
				9CF7038A2A4E890400E96A5D /* ScuolaTests.xctest */,
				9CF703942A4E890400E96A5D /* ScuolaUITests.xctest */,
			);
			name = Products;
			sourceTree = "<group>";
		};
		9CF7037C2A4E890200E96A5D /* Scuola */ = {
			isa = PBXGroup;
			children = (
				9C8C43602B6EB45A00280963 /* Data */,
				9C8C435F2B6EB45600280963 /* Domain */,
				9C8C438D2B74426900280963 /* Infrastructure */,
				9C8C435E2B6EB44F00280963 /* Presentation */,
				9C8C438F2B7442B500280963 /* Resources */,
				9CF703E82A4E8F7900E96A5D /* Info.plist */,
				9CF7037D2A4E890200E96A5D /* ScuolaApp.swift */,
				9CF7037F2A4E890200E96A5D /* ContentView.swift */,
				9CF703812A4E890400E96A5D /* Assets.xcassets */,
				9CF703832A4E890400E96A5D /* Preview Content */,
			);
			path = Scuola;
			sourceTree = "<group>";
		};
		9CF703832A4E890400E96A5D /* Preview Content */ = {
			isa = PBXGroup;
			children = (
				9CF703842A4E890400E96A5D /* Preview Assets.xcassets */,
			);
			path = "Preview Content";
			sourceTree = "<group>";
		};
		9CF7038D2A4E890400E96A5D /* ScuolaTests */ = {
			isa = PBXGroup;
			children = (
				9CF7038E2A4E890400E96A5D /* ScuolaTests.swift */,
			);
			path = ScuolaTests;
			sourceTree = "<group>";
		};
		9CF703972A4E890400E96A5D /* ScuolaUITests */ = {
			isa = PBXGroup;
			children = (
				9CF703982A4E890400E96A5D /* ScuolaUITests.swift */,
				9CF7039A2A4E890400E96A5D /* ScuolaUITestsLaunchTests.swift */,
				9CF703A72A4E8D5900E96A5D /* GoogleService-Info.plist */,
			);
			path = ScuolaUITests;
			sourceTree = "<group>";
		};
		9CF703EC2A4E906800E96A5D /* Dashboard */ = {
			isa = PBXGroup;
			children = (
				9CF7040E2A4E9E5300E96A5D /* DashboardView.swift */,
				9CF703ED2A4E906D00E96A5D /* Home */,
			);
			path = Dashboard;
			sourceTree = "<group>";
		};
		9CF703ED2A4E906D00E96A5D /* Home */ = {
			isa = PBXGroup;
			children = (
				9CF704092A4E93BB00E96A5D /* HomeScreen.swift */,
				9C7CA8212A5FC31D0083EADC /* FeaturedView.swift */,
				9C8C43942B74896700280963 /* SubscriptionsView.swift */,
				9C8C43982B748A0800280963 /* HomeItemLarge.swift */,
			);
			path = Home;
			sourceTree = "<group>";
		};
		9CF703F82A4E90AD00E96A5D /* Theme */ = {
			isa = PBXGroup;
			children = (
				9CF704072A4E92EC00E96A5D /* CustomColor.swift */,
			);
			path = Theme;
			sourceTree = "<group>";
		};
		9CF704102A4F4CE700E96A5D /* Live */ = {
			isa = PBXGroup;
			children = (
				9CF704112A4F4D0300E96A5D /* LiveStreamView.swift */,
				9CF704182A5146AF00E96A5D /* CameraStreamView.swift */,
				9CF7041D2A52224900E96A5D /* BroadcastManager.swift */,
			);
			path = Live;
			sourceTree = "<group>";
		};
		9CF7041A2A514BE100E96A5D /* Devices */ = {
			isa = PBXGroup;
			children = (
				9C8C43852B70903F00280963 /* Camera */,
			);
			path = Devices;
			sourceTree = "<group>";
		};
/* End PBXGroup section */

/* Begin PBXNativeTarget section */
		9CF703792A4E890200E96A5D /* Scuola */ = {
			isa = PBXNativeTarget;
			buildConfigurationList = 9CF7039E2A4E890400E96A5D /* Build configuration list for PBXNativeTarget "Scuola" */;
			buildPhases = (
				9CF703762A4E890200E96A5D /* Sources */,
				9CF703772A4E890200E96A5D /* Frameworks */,
				9CF703782A4E890200E96A5D /* Resources */,
			);
			buildRules = (
			);
			dependencies = (
			);
			name = Scuola;
			packageProductDependencies = (
				9CF703AB2A4E8D9A00E96A5D /* FirebaseAnalytics */,
				9CF703AD2A4E8D9A00E96A5D /* FirebaseAnalyticsOnDeviceConversion */,
				9CF703AF2A4E8D9A00E96A5D /* FirebaseAnalyticsSwift */,
				9CF703B12A4E8D9A00E96A5D /* FirebaseAnalyticsWithoutAdIdSupport */,
				9CF703B32A4E8D9A00E96A5D /* FirebaseAppCheck */,
				9CF703B52A4E8D9A00E96A5D /* FirebaseAppDistribution-Beta */,
				9CF703B72A4E8D9A00E96A5D /* FirebaseAuth */,
				9CF703B92A4E8D9A00E96A5D /* FirebaseAuthCombine-Community */,
				9CF703BB2A4E8D9A00E96A5D /* FirebaseCrashlytics */,
				9CF703BD2A4E8D9A00E96A5D /* FirebaseDatabase */,
				9CF703BF2A4E8D9A00E96A5D /* FirebaseDatabaseSwift */,
				9CF703C12A4E8D9A00E96A5D /* FirebaseDynamicLinks */,
				9CF703C32A4E8D9A00E96A5D /* FirebaseFirestore */,
				9CF703C52A4E8D9A00E96A5D /* FirebaseFirestoreCombine-Community */,
				9CF703C72A4E8D9A00E96A5D /* FirebaseFirestoreSwift */,
				9CF703C92A4E8D9A00E96A5D /* FirebaseFunctions */,
				9CF703CB2A4E8D9A00E96A5D /* FirebaseFunctionsCombine-Community */,
				9CF703CD2A4E8D9A00E96A5D /* FirebaseInAppMessaging-Beta */,
				9CF703CF2A4E8D9A00E96A5D /* FirebaseInAppMessagingSwift-Beta */,
				9CF703D12A4E8D9A00E96A5D /* FirebaseInstallations */,
				9CF703D32A4E8D9A00E96A5D /* FirebaseMLModelDownloader */,
				9CF703D52A4E8D9A00E96A5D /* FirebaseMessaging */,
				9CF703D72A4E8D9A00E96A5D /* FirebasePerformance */,
				9CF703D92A4E8D9A00E96A5D /* FirebaseRemoteConfig */,
				9CF703DB2A4E8D9A00E96A5D /* FirebaseRemoteConfigSwift */,
				9CF703DD2A4E8D9A00E96A5D /* FirebaseStorage */,
				9CF703DF2A4E8D9A00E96A5D /* FirebaseStorageCombine-Community */,
				9CF703E22A4E8EAB00E96A5D /* MuxSpaces */,
				9CF703E42A4E8EAB00E96A5D /* MuxSpacesReplayKit */,
				9CF703E62A4E8EAB00E96A5D /* MuxSpacesUX */,
			);
			productName = Scuola;
			productReference = 9CF7037A2A4E890200E96A5D /* Scuola.app */;
			productType = "com.apple.product-type.application";
		};
		9CF703892A4E890400E96A5D /* ScuolaTests */ = {
			isa = PBXNativeTarget;
			buildConfigurationList = 9CF703A12A4E890400E96A5D /* Build configuration list for PBXNativeTarget "ScuolaTests" */;
			buildPhases = (
				9CF703862A4E890400E96A5D /* Sources */,
				9CF703872A4E890400E96A5D /* Frameworks */,
				9CF703882A4E890400E96A5D /* Resources */,
			);
			buildRules = (
			);
			dependencies = (
				9CF7038C2A4E890400E96A5D /* PBXTargetDependency */,
			);
			name = ScuolaTests;
			productName = ScuolaTests;
			productReference = 9CF7038A2A4E890400E96A5D /* ScuolaTests.xctest */;
			productType = "com.apple.product-type.bundle.unit-test";
		};
		9CF703932A4E890400E96A5D /* ScuolaUITests */ = {
			isa = PBXNativeTarget;
			buildConfigurationList = 9CF703A42A4E890400E96A5D /* Build configuration list for PBXNativeTarget "ScuolaUITests" */;
			buildPhases = (
				9CF703902A4E890400E96A5D /* Sources */,
				9CF703912A4E890400E96A5D /* Frameworks */,
				9CF703922A4E890400E96A5D /* Resources */,
			);
			buildRules = (
			);
			dependencies = (
				9CF703962A4E890400E96A5D /* PBXTargetDependency */,
			);
			name = ScuolaUITests;
			productName = ScuolaUITests;
			productReference = 9CF703942A4E890400E96A5D /* ScuolaUITests.xctest */;
			productType = "com.apple.product-type.bundle.ui-testing";
		};
/* End PBXNativeTarget section */

/* Begin PBXProject section */
		9CF703722A4E890200E96A5D /* Project object */ = {
			isa = PBXProject;
			attributes = {
				BuildIndependentTargetsInParallel = 1;
				LastSwiftUpdateCheck = 1430;
				LastUpgradeCheck = 1430;
				TargetAttributes = {
					9CF703792A4E890200E96A5D = {
						CreatedOnToolsVersion = 14.3.1;
					};
					9CF703892A4E890400E96A5D = {
						CreatedOnToolsVersion = 14.3.1;
						TestTargetID = 9CF703792A4E890200E96A5D;
					};
					9CF703932A4E890400E96A5D = {
						CreatedOnToolsVersion = 14.3.1;
						TestTargetID = 9CF703792A4E890200E96A5D;
					};
				};
			};
			buildConfigurationList = 9CF703752A4E890200E96A5D /* Build configuration list for PBXProject "Scuola" */;
			compatibilityVersion = "Xcode 14.0";
			developmentRegion = en;
			hasScannedForEncodings = 0;
			knownRegions = (
				en,
				Base,
			);
			mainGroup = 9CF703712A4E890200E96A5D;
			packageReferences = (
				9CF703AA2A4E8D9A00E96A5D /* XCRemoteSwiftPackageReference "firebase-ios-sdk" */,
				9CF703E12A4E8EAB00E96A5D /* XCRemoteSwiftPackageReference "mux-spaces-sdk-swift-distribution" */,
			);
			productRefGroup = 9CF7037B2A4E890200E96A5D /* Products */;
			projectDirPath = "";
			projectRoot = "";
			targets = (
				9CF703792A4E890200E96A5D /* Scuola */,
				9CF703892A4E890400E96A5D /* ScuolaTests */,
				9CF703932A4E890400E96A5D /* ScuolaUITests */,
			);
		};
/* End PBXProject section */

/* Begin PBXResourcesBuildPhase section */
		9CF703782A4E890200E96A5D /* Resources */ = {
			isa = PBXResourcesBuildPhase;
			buildActionMask = 2147483647;
			files = (
				9CA9C0F02B759A0F00FF7605 /* RadikalTrial-Black.otf in Resources */,
				9CA9C0F42B759A0F00FF7605 /* RadikalTrial-Bold.otf in Resources */,
				9CA9C0E92B759A0F00FF7605 /* RadikalTrial-UltraThinItalic.otf in Resources */,
				9CA9C0F22B759A0F00FF7605 /* RadikalTrial-UltraThin.otf in Resources */,
				9CA9C0EB2B759A0F00FF7605 /* RadikalTrial-Thin.otf in Resources */,
				9CF703852A4E890400E96A5D /* Preview Assets.xcassets in Resources */,
				9CA9C0EA2B759A0F00FF7605 /* RadikalTrial-LightItalic.otf in Resources */,
				9CF703822A4E890400E96A5D /* Assets.xcassets in Resources */,
				9CA9C0F32B759A0F00FF7605 /* RadikalTrial-ThinItalic.otf in Resources */,
				9CA9C0E82B759A0F00FF7605 /* RadikalTrial-Regular.otf in Resources */,
				9CA9C0E72B759A0F00FF7605 /* RadikalTrial-RegularItalic.otf in Resources */,
				9CEC38B72B621C7C00192619 /* GoogleService-Info.plist in Resources */,
				9CA9C0ED2B759A0F00FF7605 /* RadikalTrial-BoldItalic.otf in Resources */,
				9CA9C0EE2B759A0F00FF7605 /* Radikal-Medium.otf in Resources */,
				9CA9C0EF2B759A0F00FF7605 /* RadikalTrial-MediumItalic.otf in Resources */,
				9C23D4FD2B8C35650098EDB3 /* Localizable.xcstrings in Resources */,
				9CA9C0EC2B759A0F00FF7605 /* RadikalTrial-Light.otf in Resources */,
				9CF703A82A4E8D5A00E96A5D /* GoogleService-Info.plist in Resources */,
				9CA9C0F12B759A0F00FF7605 /* RadikalTrial-BlackItalic.otf in Resources */,
			);
			runOnlyForDeploymentPostprocessing = 0;
		};
		9CF703882A4E890400E96A5D /* Resources */ = {
			isa = PBXResourcesBuildPhase;
			buildActionMask = 2147483647;
			files = (
			);
			runOnlyForDeploymentPostprocessing = 0;
		};
		9CF703922A4E890400E96A5D /* Resources */ = {
			isa = PBXResourcesBuildPhase;
			buildActionMask = 2147483647;
			files = (
			);
			runOnlyForDeploymentPostprocessing = 0;
		};
/* End PBXResourcesBuildPhase section */

/* Begin PBXSourcesBuildPhase section */
		9CF703762A4E890200E96A5D /* Sources */ = {
			isa = PBXSourcesBuildPhase;
			buildActionMask = 2147483647;
			files = (
				9CF703802A4E890200E96A5D /* ContentView.swift in Sources */,
				9C8C43632B6EB4FA00280963 /* SignupScreen.swift in Sources */,
				9C3DD38C2B7FFDAA006C09B8 /* VideoPostsView.swift in Sources */,
				9CF7041E2A52224900E96A5D /* BroadcastManager.swift in Sources */,
				9C8C43892B7091B800280963 /* FirebaseAuthManager.swift in Sources */,
				9C7CA8422A7B5ED40083EADC /* ScuolaActionButton.swift in Sources */,
				9C8C436B2B6EBAC100280963 /* NotificationsPermissionPage.swift in Sources */,
				9C8C439B2B7497B600280963 /* Thumbnail.swift in Sources */,
				9CBF2A2E2A8F1EB300D1FDC4 /* AppState.swift in Sources */,
				9C8C43672B6EB9FD00280963 /* ProfileInfoInputPage.swift in Sources */,
				9CF7041C2A514C3900E96A5D /* CameraManager.swift in Sources */,
				9C8C437C2B6F5DD900280963 /* LoginPage.swift in Sources */,
				9CF704082A4E92EC00E96A5D /* CustomColor.swift in Sources */,
				9CA9C0F82B75EB4A00FF7605 /* UserInteractionUseCase.swift in Sources */,
				9C8C435D2B68A8B000280963 /* LandingPage.swift in Sources */,
				9CF704172A51405D00E96A5D /* PermissionsManager.swift in Sources */,
				9C7CA81B2A5A66A60083EADC /* SettingsView.swift in Sources */,
				9CA9C0FA2B76D5F300FF7605 /* FetchVideoDataUseCase.swift in Sources */,
				9CF7040A2A4E93BB00E96A5D /* HomeScreen.swift in Sources */,
				9C7CA8222A5FC31D0083EADC /* FeaturedView.swift in Sources */,
				9C8C436D2B6EBAFE00280963 /* TermsAndConditionsPage.swift in Sources */,
				9C23D5002B8C5ACB0098EDB3 /* VideoUploadInfoView.swift in Sources */,
				9C8C43702B6EC88300280963 /* Account.swift in Sources */,
				9CD336EC2ACBDB3200312187 /* ProfileContentView.swift in Sources */,
				9C7CA8322A6642410083EADC /* CommentSectionPreview.swift in Sources */,
				9C3DD3842B7FBDAD006C09B8 /* ScuolaCircleButton.swift in Sources */,
				9CF704232A527BCB00E96A5D /* MuxCredentials.swift in Sources */,
				9C87F2122B800AB4002B78DC /* ScuolaCircleNavButton.swift in Sources */,
				9C8C43732B6EC9F900280963 /* FetchAccountUseCase.swift in Sources */,
				9CFE1FD52B86C65A0067600A /* MediaUploadView.swift in Sources */,
				9C3DD38E2B7FFEED006C09B8 /* VideoPostItem.swift in Sources */,
				9C7CA82D2A64E7670083EADC /* VideoAssetView.swift in Sources */,
				9C8C43872B70910400280963 /* AuthenticationUseCase.swift in Sources */,
				9C7CA8472A809FD40083EADC /* ProfileHeaderView.swift in Sources */,
				9C3DD3822B7F38F9006C09B8 /* ProfileEditView.swift in Sources */,
				9C8C43842B708EF800280963 /* SessionServiceImpl.swift in Sources */,
				9C8C43812B6F62C900280963 /* ScuolaNavButton.swift in Sources */,
				9C8C43652B6EB70B00280963 /* CredentialsInputPage.swift in Sources */,
				9C7CA8492A889AEA0083EADC /* ScuolaButton.swift in Sources */,
				9C8C43692B6EBA5600280963 /* BirthdateInputPage.swift in Sources */,
				9C7CA8352A664FE40083EADC /* CommentView.swift in Sources */,
				9CBF2A312A8F21D700D1FDC4 /* LoadingIndicator.swift in Sources */,
				9C8C438B2B70948700280963 /* VideoAsset.swift in Sources */,
				9C7CA83B2A721D830083EADC /* DescriptionView.swift in Sources */,
				9CF704122A4F4D0300E96A5D /* LiveStreamView.swift in Sources */,
				9C7CA8302A6641FB0083EADC /* CommentSection.swift in Sources */,
				9C8C43992B748A0800280963 /* HomeItemLarge.swift in Sources */,
				9C23D4FA2B8C23710098EDB3 /* FactoToggle.swift in Sources */,
				9CF7040F2A4E9E5300E96A5D /* DashboardView.swift in Sources */,
				9CF7040D2A4E98FA00E96A5D /* SessionService.swift in Sources */,
				9CF7037E2A4E890200E96A5D /* ScuolaApp.swift in Sources */,
				9C7CA83F2A7A07E50083EADC /* ProfileBarView.swift in Sources */,
				9C7CA8452A8093490083EADC /* ProfileView.swift in Sources */,
				9CBF2A342A930F4A00D1FDC4 /* CommentModel.swift in Sources */,
				9C8C43952B74896700280963 /* SubscriptionsView.swift in Sources */,
				9C7CA8142A52888C0083EADC /* VideoView.swift in Sources */,
				9CF704192A5146AF00E96A5D /* CameraStreamView.swift in Sources */,
				9CFE1FD32B83F4EF0067600A /* EditAccountUseCase.swift in Sources */,
				9C7CA8392A66599E0083EADC /* Comment.swift in Sources */,
				9C8C43772B6ECD7000280963 /* NumberFormatterService.swift in Sources */,
				9C7CA83D2A79F2460083EADC /* ActionBar.swift in Sources */,
				9CEC38B52B609BA300192619 /* BubbleBackground.swift in Sources */,
			);
			runOnlyForDeploymentPostprocessing = 0;
		};
		9CF703862A4E890400E96A5D /* Sources */ = {
			isa = PBXSourcesBuildPhase;
			buildActionMask = 2147483647;
			files = (
				9CF7038F2A4E890400E96A5D /* ScuolaTests.swift in Sources */,
			);
			runOnlyForDeploymentPostprocessing = 0;
		};
		9CF703902A4E890400E96A5D /* Sources */ = {
			isa = PBXSourcesBuildPhase;
			buildActionMask = 2147483647;
			files = (
				9CF703992A4E890400E96A5D /* ScuolaUITests.swift in Sources */,
				9CF7039B2A4E890400E96A5D /* ScuolaUITestsLaunchTests.swift in Sources */,
			);
			runOnlyForDeploymentPostprocessing = 0;
		};
/* End PBXSourcesBuildPhase section */

/* Begin PBXTargetDependency section */
		9CF7038C2A4E890400E96A5D /* PBXTargetDependency */ = {
			isa = PBXTargetDependency;
			target = 9CF703792A4E890200E96A5D /* Scuola */;
			targetProxy = 9CF7038B2A4E890400E96A5D /* PBXContainerItemProxy */;
		};
		9CF703962A4E890400E96A5D /* PBXTargetDependency */ = {
			isa = PBXTargetDependency;
			target = 9CF703792A4E890200E96A5D /* Scuola */;
			targetProxy = 9CF703952A4E890400E96A5D /* PBXContainerItemProxy */;
		};
/* End PBXTargetDependency section */

/* Begin XCBuildConfiguration section */
		9CF7039C2A4E890400E96A5D /* Debug */ = {
			isa = XCBuildConfiguration;
			buildSettings = {
				ALWAYS_SEARCH_USER_PATHS = NO;
				CLANG_ANALYZER_NONNULL = YES;
				CLANG_ANALYZER_NUMBER_OBJECT_CONVERSION = YES_AGGRESSIVE;
				CLANG_CXX_LANGUAGE_STANDARD = "gnu++20";
				CLANG_ENABLE_MODULES = YES;
				CLANG_ENABLE_OBJC_ARC = YES;
				CLANG_ENABLE_OBJC_WEAK = YES;
				CLANG_WARN_BLOCK_CAPTURE_AUTORELEASING = YES;
				CLANG_WARN_BOOL_CONVERSION = YES;
				CLANG_WARN_COMMA = YES;
				CLANG_WARN_CONSTANT_CONVERSION = YES;
				CLANG_WARN_DEPRECATED_OBJC_IMPLEMENTATIONS = YES;
				CLANG_WARN_DIRECT_OBJC_ISA_USAGE = YES_ERROR;
				CLANG_WARN_DOCUMENTATION_COMMENTS = YES;
				CLANG_WARN_EMPTY_BODY = YES;
				CLANG_WARN_ENUM_CONVERSION = YES;
				CLANG_WARN_INFINITE_RECURSION = YES;
				CLANG_WARN_INT_CONVERSION = YES;
				CLANG_WARN_NON_LITERAL_NULL_CONVERSION = YES;
				CLANG_WARN_OBJC_IMPLICIT_RETAIN_SELF = YES;
				CLANG_WARN_OBJC_LITERAL_CONVERSION = YES;
				CLANG_WARN_OBJC_ROOT_CLASS = YES_ERROR;
				CLANG_WARN_QUOTED_INCLUDE_IN_FRAMEWORK_HEADER = YES;
				CLANG_WARN_RANGE_LOOP_ANALYSIS = YES;
				CLANG_WARN_STRICT_PROTOTYPES = YES;
				CLANG_WARN_SUSPICIOUS_MOVE = YES;
				CLANG_WARN_UNGUARDED_AVAILABILITY = YES_AGGRESSIVE;
				CLANG_WARN_UNREACHABLE_CODE = YES;
				CLANG_WARN__DUPLICATE_METHOD_MATCH = YES;
				COPY_PHASE_STRIP = NO;
				DEBUG_INFORMATION_FORMAT = dwarf;
				ENABLE_STRICT_OBJC_MSGSEND = YES;
				ENABLE_TESTABILITY = YES;
				GCC_C_LANGUAGE_STANDARD = gnu11;
				GCC_DYNAMIC_NO_PIC = NO;
				GCC_NO_COMMON_BLOCKS = YES;
				GCC_OPTIMIZATION_LEVEL = 0;
				GCC_PREPROCESSOR_DEFINITIONS = (
					"DEBUG=1",
					"$(inherited)",
				);
				GCC_WARN_64_TO_32_BIT_CONVERSION = YES;
				GCC_WARN_ABOUT_RETURN_TYPE = YES_ERROR;
				GCC_WARN_UNDECLARED_SELECTOR = YES;
				GCC_WARN_UNINITIALIZED_AUTOS = YES_AGGRESSIVE;
				GCC_WARN_UNUSED_FUNCTION = YES;
				GCC_WARN_UNUSED_VARIABLE = YES;
				IPHONEOS_DEPLOYMENT_TARGET = 16.4;
				MTL_ENABLE_DEBUG_INFO = INCLUDE_SOURCE;
				MTL_FAST_MATH = YES;
				ONLY_ACTIVE_ARCH = YES;
				SDKROOT = iphoneos;
				SWIFT_ACTIVE_COMPILATION_CONDITIONS = DEBUG;
				SWIFT_OPTIMIZATION_LEVEL = "-Onone";
			};
			name = Debug;
		};
		9CF7039D2A4E890400E96A5D /* Release */ = {
			isa = XCBuildConfiguration;
			buildSettings = {
				ALWAYS_SEARCH_USER_PATHS = NO;
				CLANG_ANALYZER_NONNULL = YES;
				CLANG_ANALYZER_NUMBER_OBJECT_CONVERSION = YES_AGGRESSIVE;
				CLANG_CXX_LANGUAGE_STANDARD = "gnu++20";
				CLANG_ENABLE_MODULES = YES;
				CLANG_ENABLE_OBJC_ARC = YES;
				CLANG_ENABLE_OBJC_WEAK = YES;
				CLANG_WARN_BLOCK_CAPTURE_AUTORELEASING = YES;
				CLANG_WARN_BOOL_CONVERSION = YES;
				CLANG_WARN_COMMA = YES;
				CLANG_WARN_CONSTANT_CONVERSION = YES;
				CLANG_WARN_DEPRECATED_OBJC_IMPLEMENTATIONS = YES;
				CLANG_WARN_DIRECT_OBJC_ISA_USAGE = YES_ERROR;
				CLANG_WARN_DOCUMENTATION_COMMENTS = YES;
				CLANG_WARN_EMPTY_BODY = YES;
				CLANG_WARN_ENUM_CONVERSION = YES;
				CLANG_WARN_INFINITE_RECURSION = YES;
				CLANG_WARN_INT_CONVERSION = YES;
				CLANG_WARN_NON_LITERAL_NULL_CONVERSION = YES;
				CLANG_WARN_OBJC_IMPLICIT_RETAIN_SELF = YES;
				CLANG_WARN_OBJC_LITERAL_CONVERSION = YES;
				CLANG_WARN_OBJC_ROOT_CLASS = YES_ERROR;
				CLANG_WARN_QUOTED_INCLUDE_IN_FRAMEWORK_HEADER = YES;
				CLANG_WARN_RANGE_LOOP_ANALYSIS = YES;
				CLANG_WARN_STRICT_PROTOTYPES = YES;
				CLANG_WARN_SUSPICIOUS_MOVE = YES;
				CLANG_WARN_UNGUARDED_AVAILABILITY = YES_AGGRESSIVE;
				CLANG_WARN_UNREACHABLE_CODE = YES;
				CLANG_WARN__DUPLICATE_METHOD_MATCH = YES;
				COPY_PHASE_STRIP = NO;
				DEBUG_INFORMATION_FORMAT = "dwarf-with-dsym";
				ENABLE_NS_ASSERTIONS = NO;
				ENABLE_STRICT_OBJC_MSGSEND = YES;
				GCC_C_LANGUAGE_STANDARD = gnu11;
				GCC_NO_COMMON_BLOCKS = YES;
				GCC_WARN_64_TO_32_BIT_CONVERSION = YES;
				GCC_WARN_ABOUT_RETURN_TYPE = YES_ERROR;
				GCC_WARN_UNDECLARED_SELECTOR = YES;
				GCC_WARN_UNINITIALIZED_AUTOS = YES_AGGRESSIVE;
				GCC_WARN_UNUSED_FUNCTION = YES;
				GCC_WARN_UNUSED_VARIABLE = YES;
				IPHONEOS_DEPLOYMENT_TARGET = 16.4;
				MTL_ENABLE_DEBUG_INFO = NO;
				MTL_FAST_MATH = YES;
				SDKROOT = iphoneos;
				SWIFT_COMPILATION_MODE = wholemodule;
				SWIFT_OPTIMIZATION_LEVEL = "-O";
				VALIDATE_PRODUCT = YES;
			};
			name = Release;
		};
		9CF7039F2A4E890400E96A5D /* Debug */ = {
			isa = XCBuildConfiguration;
			buildSettings = {
				ASSETCATALOG_COMPILER_APPICON_NAME = AppIcon;
				ASSETCATALOG_COMPILER_GLOBAL_ACCENT_COLOR_NAME = AccentColor;
				CODE_SIGN_STYLE = Automatic;
				CURRENT_PROJECT_VERSION = 1;
				DEVELOPMENT_ASSET_PATHS = "\"Scuola/Preview Content\"";
				DEVELOPMENT_TEAM = 4LPCV87RQ2;
				ENABLE_PREVIEWS = YES;
				GENERATE_INFOPLIST_FILE = YES;
				INFOPLIST_FILE = Scuola/Info.plist;
				INFOPLIST_KEY_NSCameraUsageDescription = "I wanna see you";
				INFOPLIST_KEY_UIApplicationSceneManifest_Generation = YES;
				INFOPLIST_KEY_UIApplicationSupportsIndirectInputEvents = YES;
				INFOPLIST_KEY_UILaunchScreen_Generation = YES;
				INFOPLIST_KEY_UIRequiresFullScreen = NO;
				INFOPLIST_KEY_UISupportedInterfaceOrientations = UIInterfaceOrientationPortrait;
				INFOPLIST_KEY_UISupportedInterfaceOrientations_iPad = "UIInterfaceOrientationPortrait UIInterfaceOrientationPortraitUpsideDown";
				IPHONEOS_DEPLOYMENT_TARGET = 17.0;
				LD_RUNPATH_SEARCH_PATHS = (
					"$(inherited)",
					"@executable_path/Frameworks",
				);
				MARKETING_VERSION = 1.0;
				PRODUCT_BUNDLE_IDENTIFIER = live.Scuola;
				PRODUCT_NAME = "$(TARGET_NAME)";
				SWIFT_EMIT_LOC_STRINGS = YES;
				SWIFT_VERSION = 5.0;
				TARGETED_DEVICE_FAMILY = "1,2";
			};
			name = Debug;
		};
		9CF703A02A4E890400E96A5D /* Release */ = {
			isa = XCBuildConfiguration;
			buildSettings = {
				ASSETCATALOG_COMPILER_APPICON_NAME = AppIcon;
				ASSETCATALOG_COMPILER_GLOBAL_ACCENT_COLOR_NAME = AccentColor;
				CODE_SIGN_STYLE = Automatic;
				CURRENT_PROJECT_VERSION = 1;
				DEVELOPMENT_ASSET_PATHS = "\"Scuola/Preview Content\"";
				DEVELOPMENT_TEAM = 4LPCV87RQ2;
				ENABLE_PREVIEWS = YES;
				GENERATE_INFOPLIST_FILE = YES;
				INFOPLIST_FILE = Scuola/Info.plist;
				INFOPLIST_KEY_NSCameraUsageDescription = "I wanna see you";
				INFOPLIST_KEY_UIApplicationSceneManifest_Generation = YES;
				INFOPLIST_KEY_UIApplicationSupportsIndirectInputEvents = YES;
				INFOPLIST_KEY_UILaunchScreen_Generation = YES;
				INFOPLIST_KEY_UIRequiresFullScreen = NO;
				INFOPLIST_KEY_UISupportedInterfaceOrientations = UIInterfaceOrientationPortrait;
				INFOPLIST_KEY_UISupportedInterfaceOrientations_iPad = "UIInterfaceOrientationPortrait UIInterfaceOrientationPortraitUpsideDown";
				IPHONEOS_DEPLOYMENT_TARGET = 17.0;
				LD_RUNPATH_SEARCH_PATHS = (
					"$(inherited)",
					"@executable_path/Frameworks",
				);
				MARKETING_VERSION = 1.0;
				PRODUCT_BUNDLE_IDENTIFIER = live.Scuola;
				PRODUCT_NAME = "$(TARGET_NAME)";
				SWIFT_EMIT_LOC_STRINGS = YES;
				SWIFT_VERSION = 5.0;
				TARGETED_DEVICE_FAMILY = "1,2";
			};
			name = Release;
		};
		9CF703A22A4E890400E96A5D /* Debug */ = {
			isa = XCBuildConfiguration;
			buildSettings = {
				ALWAYS_EMBED_SWIFT_STANDARD_LIBRARIES = YES;
				BUNDLE_LOADER = "$(TEST_HOST)";
				CODE_SIGN_STYLE = Automatic;
				CURRENT_PROJECT_VERSION = 1;
				DEVELOPMENT_TEAM = 4LPCV87RQ2;
				GENERATE_INFOPLIST_FILE = YES;
				IPHONEOS_DEPLOYMENT_TARGET = 16.4;
				MARKETING_VERSION = 1.0;
				PRODUCT_BUNDLE_IDENTIFIER = live.ScuolaTests;
				PRODUCT_NAME = "$(TARGET_NAME)";
				SWIFT_EMIT_LOC_STRINGS = NO;
				SWIFT_VERSION = 5.0;
				TARGETED_DEVICE_FAMILY = "1,2";
				TEST_HOST = "$(BUILT_PRODUCTS_DIR)/Scuola.app/$(BUNDLE_EXECUTABLE_FOLDER_PATH)/Scuola";
			};
			name = Debug;
		};
		9CF703A32A4E890400E96A5D /* Release */ = {
			isa = XCBuildConfiguration;
			buildSettings = {
				ALWAYS_EMBED_SWIFT_STANDARD_LIBRARIES = YES;
				BUNDLE_LOADER = "$(TEST_HOST)";
				CODE_SIGN_STYLE = Automatic;
				CURRENT_PROJECT_VERSION = 1;
				DEVELOPMENT_TEAM = 4LPCV87RQ2;
				GENERATE_INFOPLIST_FILE = YES;
				IPHONEOS_DEPLOYMENT_TARGET = 16.4;
				MARKETING_VERSION = 1.0;
				PRODUCT_BUNDLE_IDENTIFIER = live.ScuolaTests;
				PRODUCT_NAME = "$(TARGET_NAME)";
				SWIFT_EMIT_LOC_STRINGS = NO;
				SWIFT_VERSION = 5.0;
				TARGETED_DEVICE_FAMILY = "1,2";
				TEST_HOST = "$(BUILT_PRODUCTS_DIR)/Scuola.app/$(BUNDLE_EXECUTABLE_FOLDER_PATH)/Scuola";
			};
			name = Release;
		};
		9CF703A52A4E890400E96A5D /* Debug */ = {
			isa = XCBuildConfiguration;
			buildSettings = {
				ALWAYS_EMBED_SWIFT_STANDARD_LIBRARIES = YES;
				CODE_SIGN_STYLE = Automatic;
				CURRENT_PROJECT_VERSION = 1;
				DEVELOPMENT_TEAM = 4LPCV87RQ2;
				GENERATE_INFOPLIST_FILE = YES;
				MARKETING_VERSION = 1.0;
				PRODUCT_BUNDLE_IDENTIFIER = live.ScuolaUITests;
				PRODUCT_NAME = "$(TARGET_NAME)";
				SWIFT_EMIT_LOC_STRINGS = NO;
				SWIFT_VERSION = 5.0;
				TARGETED_DEVICE_FAMILY = "1,2";
				TEST_TARGET_NAME = Scuola;
			};
			name = Debug;
		};
		9CF703A62A4E890400E96A5D /* Release */ = {
			isa = XCBuildConfiguration;
			buildSettings = {
				ALWAYS_EMBED_SWIFT_STANDARD_LIBRARIES = YES;
				CODE_SIGN_STYLE = Automatic;
				CURRENT_PROJECT_VERSION = 1;
				DEVELOPMENT_TEAM = 4LPCV87RQ2;
				GENERATE_INFOPLIST_FILE = YES;
				MARKETING_VERSION = 1.0;
				PRODUCT_BUNDLE_IDENTIFIER = live.ScuolaUITests;
				PRODUCT_NAME = "$(TARGET_NAME)";
				SWIFT_EMIT_LOC_STRINGS = NO;
				SWIFT_VERSION = 5.0;
				TARGETED_DEVICE_FAMILY = "1,2";
				TEST_TARGET_NAME = Scuola;
			};
			name = Release;
		};
/* End XCBuildConfiguration section */

/* Begin XCConfigurationList section */
		9CF703752A4E890200E96A5D /* Build configuration list for PBXProject "Scuola" */ = {
			isa = XCConfigurationList;
			buildConfigurations = (
				9CF7039C2A4E890400E96A5D /* Debug */,
				9CF7039D2A4E890400E96A5D /* Release */,
			);
			defaultConfigurationIsVisible = 0;
			defaultConfigurationName = Release;
		};
		9CF7039E2A4E890400E96A5D /* Build configuration list for PBXNativeTarget "Scuola" */ = {
			isa = XCConfigurationList;
			buildConfigurations = (
				9CF7039F2A4E890400E96A5D /* Debug */,
				9CF703A02A4E890400E96A5D /* Release */,
			);
			defaultConfigurationIsVisible = 0;
			defaultConfigurationName = Release;
		};
		9CF703A12A4E890400E96A5D /* Build configuration list for PBXNativeTarget "ScuolaTests" */ = {
			isa = XCConfigurationList;
			buildConfigurations = (
				9CF703A22A4E890400E96A5D /* Debug */,
				9CF703A32A4E890400E96A5D /* Release */,
			);
			defaultConfigurationIsVisible = 0;
			defaultConfigurationName = Release;
		};
		9CF703A42A4E890400E96A5D /* Build configuration list for PBXNativeTarget "ScuolaUITests" */ = {
			isa = XCConfigurationList;
			buildConfigurations = (
				9CF703A52A4E890400E96A5D /* Debug */,
				9CF703A62A4E890400E96A5D /* Release */,
			);
			defaultConfigurationIsVisible = 0;
			defaultConfigurationName = Release;
		};
/* End XCConfigurationList section */

/* Begin XCRemoteSwiftPackageReference section */
		9CF703AA2A4E8D9A00E96A5D /* XCRemoteSwiftPackageReference "firebase-ios-sdk" */ = {
			isa = XCRemoteSwiftPackageReference;
			repositoryURL = "https://github.com/firebase/firebase-ios-sdk.git";
			requirement = {
				kind = upToNextMajorVersion;
				minimumVersion = 10.0.0;
			};
		};
		9CF703E12A4E8EAB00E96A5D /* XCRemoteSwiftPackageReference "mux-spaces-sdk-swift-distribution" */ = {
			isa = XCRemoteSwiftPackageReference;
			repositoryURL = "https://github.com/muxinc/mux-spaces-sdk-swift-distribution";
			requirement = {
				branch = main;
				kind = branch;
			};
		};
/* End XCRemoteSwiftPackageReference section */

/* Begin XCSwiftPackageProductDependency section */
		9CF703AB2A4E8D9A00E96A5D /* FirebaseAnalytics */ = {
			isa = XCSwiftPackageProductDependency;
			package = 9CF703AA2A4E8D9A00E96A5D /* XCRemoteSwiftPackageReference "firebase-ios-sdk" */;
			productName = FirebaseAnalytics;
		};
		9CF703AD2A4E8D9A00E96A5D /* FirebaseAnalyticsOnDeviceConversion */ = {
			isa = XCSwiftPackageProductDependency;
			package = 9CF703AA2A4E8D9A00E96A5D /* XCRemoteSwiftPackageReference "firebase-ios-sdk" */;
			productName = FirebaseAnalyticsOnDeviceConversion;
		};
		9CF703AF2A4E8D9A00E96A5D /* FirebaseAnalyticsSwift */ = {
			isa = XCSwiftPackageProductDependency;
			package = 9CF703AA2A4E8D9A00E96A5D /* XCRemoteSwiftPackageReference "firebase-ios-sdk" */;
			productName = FirebaseAnalyticsSwift;
		};
		9CF703B12A4E8D9A00E96A5D /* FirebaseAnalyticsWithoutAdIdSupport */ = {
			isa = XCSwiftPackageProductDependency;
			package = 9CF703AA2A4E8D9A00E96A5D /* XCRemoteSwiftPackageReference "firebase-ios-sdk" */;
			productName = FirebaseAnalyticsWithoutAdIdSupport;
		};
		9CF703B32A4E8D9A00E96A5D /* FirebaseAppCheck */ = {
			isa = XCSwiftPackageProductDependency;
			package = 9CF703AA2A4E8D9A00E96A5D /* XCRemoteSwiftPackageReference "firebase-ios-sdk" */;
			productName = FirebaseAppCheck;
		};
		9CF703B52A4E8D9A00E96A5D /* FirebaseAppDistribution-Beta */ = {
			isa = XCSwiftPackageProductDependency;
			package = 9CF703AA2A4E8D9A00E96A5D /* XCRemoteSwiftPackageReference "firebase-ios-sdk" */;
			productName = "FirebaseAppDistribution-Beta";
		};
		9CF703B72A4E8D9A00E96A5D /* FirebaseAuth */ = {
			isa = XCSwiftPackageProductDependency;
			package = 9CF703AA2A4E8D9A00E96A5D /* XCRemoteSwiftPackageReference "firebase-ios-sdk" */;
			productName = FirebaseAuth;
		};
		9CF703B92A4E8D9A00E96A5D /* FirebaseAuthCombine-Community */ = {
			isa = XCSwiftPackageProductDependency;
			package = 9CF703AA2A4E8D9A00E96A5D /* XCRemoteSwiftPackageReference "firebase-ios-sdk" */;
			productName = "FirebaseAuthCombine-Community";
		};
		9CF703BB2A4E8D9A00E96A5D /* FirebaseCrashlytics */ = {
			isa = XCSwiftPackageProductDependency;
			package = 9CF703AA2A4E8D9A00E96A5D /* XCRemoteSwiftPackageReference "firebase-ios-sdk" */;
			productName = FirebaseCrashlytics;
		};
		9CF703BD2A4E8D9A00E96A5D /* FirebaseDatabase */ = {
			isa = XCSwiftPackageProductDependency;
			package = 9CF703AA2A4E8D9A00E96A5D /* XCRemoteSwiftPackageReference "firebase-ios-sdk" */;
			productName = FirebaseDatabase;
		};
		9CF703BF2A4E8D9A00E96A5D /* FirebaseDatabaseSwift */ = {
			isa = XCSwiftPackageProductDependency;
			package = 9CF703AA2A4E8D9A00E96A5D /* XCRemoteSwiftPackageReference "firebase-ios-sdk" */;
			productName = FirebaseDatabaseSwift;
		};
		9CF703C12A4E8D9A00E96A5D /* FirebaseDynamicLinks */ = {
			isa = XCSwiftPackageProductDependency;
			package = 9CF703AA2A4E8D9A00E96A5D /* XCRemoteSwiftPackageReference "firebase-ios-sdk" */;
			productName = FirebaseDynamicLinks;
		};
		9CF703C32A4E8D9A00E96A5D /* FirebaseFirestore */ = {
			isa = XCSwiftPackageProductDependency;
			package = 9CF703AA2A4E8D9A00E96A5D /* XCRemoteSwiftPackageReference "firebase-ios-sdk" */;
			productName = FirebaseFirestore;
		};
		9CF703C52A4E8D9A00E96A5D /* FirebaseFirestoreCombine-Community */ = {
			isa = XCSwiftPackageProductDependency;
			package = 9CF703AA2A4E8D9A00E96A5D /* XCRemoteSwiftPackageReference "firebase-ios-sdk" */;
			productName = "FirebaseFirestoreCombine-Community";
		};
		9CF703C72A4E8D9A00E96A5D /* FirebaseFirestoreSwift */ = {
			isa = XCSwiftPackageProductDependency;
			package = 9CF703AA2A4E8D9A00E96A5D /* XCRemoteSwiftPackageReference "firebase-ios-sdk" */;
			productName = FirebaseFirestoreSwift;
		};
		9CF703C92A4E8D9A00E96A5D /* FirebaseFunctions */ = {
			isa = XCSwiftPackageProductDependency;
			package = 9CF703AA2A4E8D9A00E96A5D /* XCRemoteSwiftPackageReference "firebase-ios-sdk" */;
			productName = FirebaseFunctions;
		};
		9CF703CB2A4E8D9A00E96A5D /* FirebaseFunctionsCombine-Community */ = {
			isa = XCSwiftPackageProductDependency;
			package = 9CF703AA2A4E8D9A00E96A5D /* XCRemoteSwiftPackageReference "firebase-ios-sdk" */;
			productName = "FirebaseFunctionsCombine-Community";
		};
		9CF703CD2A4E8D9A00E96A5D /* FirebaseInAppMessaging-Beta */ = {
			isa = XCSwiftPackageProductDependency;
			package = 9CF703AA2A4E8D9A00E96A5D /* XCRemoteSwiftPackageReference "firebase-ios-sdk" */;
			productName = "FirebaseInAppMessaging-Beta";
		};
		9CF703CF2A4E8D9A00E96A5D /* FirebaseInAppMessagingSwift-Beta */ = {
			isa = XCSwiftPackageProductDependency;
			package = 9CF703AA2A4E8D9A00E96A5D /* XCRemoteSwiftPackageReference "firebase-ios-sdk" */;
			productName = "FirebaseInAppMessagingSwift-Beta";
		};
		9CF703D12A4E8D9A00E96A5D /* FirebaseInstallations */ = {
			isa = XCSwiftPackageProductDependency;
			package = 9CF703AA2A4E8D9A00E96A5D /* XCRemoteSwiftPackageReference "firebase-ios-sdk" */;
			productName = FirebaseInstallations;
		};
		9CF703D32A4E8D9A00E96A5D /* FirebaseMLModelDownloader */ = {
			isa = XCSwiftPackageProductDependency;
			package = 9CF703AA2A4E8D9A00E96A5D /* XCRemoteSwiftPackageReference "firebase-ios-sdk" */;
			productName = FirebaseMLModelDownloader;
		};
		9CF703D52A4E8D9A00E96A5D /* FirebaseMessaging */ = {
			isa = XCSwiftPackageProductDependency;
			package = 9CF703AA2A4E8D9A00E96A5D /* XCRemoteSwiftPackageReference "firebase-ios-sdk" */;
			productName = FirebaseMessaging;
		};
		9CF703D72A4E8D9A00E96A5D /* FirebasePerformance */ = {
			isa = XCSwiftPackageProductDependency;
			package = 9CF703AA2A4E8D9A00E96A5D /* XCRemoteSwiftPackageReference "firebase-ios-sdk" */;
			productName = FirebasePerformance;
		};
		9CF703D92A4E8D9A00E96A5D /* FirebaseRemoteConfig */ = {
			isa = XCSwiftPackageProductDependency;
			package = 9CF703AA2A4E8D9A00E96A5D /* XCRemoteSwiftPackageReference "firebase-ios-sdk" */;
			productName = FirebaseRemoteConfig;
		};
		9CF703DB2A4E8D9A00E96A5D /* FirebaseRemoteConfigSwift */ = {
			isa = XCSwiftPackageProductDependency;
			package = 9CF703AA2A4E8D9A00E96A5D /* XCRemoteSwiftPackageReference "firebase-ios-sdk" */;
			productName = FirebaseRemoteConfigSwift;
		};
		9CF703DD2A4E8D9A00E96A5D /* FirebaseStorage */ = {
			isa = XCSwiftPackageProductDependency;
			package = 9CF703AA2A4E8D9A00E96A5D /* XCRemoteSwiftPackageReference "firebase-ios-sdk" */;
			productName = FirebaseStorage;
		};
		9CF703DF2A4E8D9A00E96A5D /* FirebaseStorageCombine-Community */ = {
			isa = XCSwiftPackageProductDependency;
			package = 9CF703AA2A4E8D9A00E96A5D /* XCRemoteSwiftPackageReference "firebase-ios-sdk" */;
			productName = "FirebaseStorageCombine-Community";
		};
		9CF703E22A4E8EAB00E96A5D /* MuxSpaces */ = {
			isa = XCSwiftPackageProductDependency;
			package = 9CF703E12A4E8EAB00E96A5D /* XCRemoteSwiftPackageReference "mux-spaces-sdk-swift-distribution" */;
			productName = MuxSpaces;
		};
		9CF703E42A4E8EAB00E96A5D /* MuxSpacesReplayKit */ = {
			isa = XCSwiftPackageProductDependency;
			package = 9CF703E12A4E8EAB00E96A5D /* XCRemoteSwiftPackageReference "mux-spaces-sdk-swift-distribution" */;
			productName = MuxSpacesReplayKit;
		};
		9CF703E62A4E8EAB00E96A5D /* MuxSpacesUX */ = {
			isa = XCSwiftPackageProductDependency;
			package = 9CF703E12A4E8EAB00E96A5D /* XCRemoteSwiftPackageReference "mux-spaces-sdk-swift-distribution" */;
			productName = MuxSpacesUX;
		};
/* End XCSwiftPackageProductDependency section */
	};
	rootObject = 9CF703722A4E890200E96A5D /* Project object */;
}
