// !$*UTF8*$!
{
	archiveVersion = 1;
	classes = {
	};
	objectVersion = 56;
	objects = {

/* Begin PBXBuildFile section */
		9CF7037E2A4E890200E96A5D /* ScuolaApp.swift in Sources */ = {isa = PBXBuildFile; fileRef = 9CF7037D2A4E890200E96A5D /* ScuolaApp.swift */; };
		9CF703802A4E890200E96A5D /* ContentView.swift in Sources */ = {isa = PBXBuildFile; fileRef = 9CF7037F2A4E890200E96A5D /* ContentView.swift */; };
		9CF703822A4E890400E96A5D /* Assets.xcassets in Resources */ = {isa = PBXBuildFile; fileRef = 9CF703812A4E890400E96A5D /* Assets.xcassets */; };
		9CF703852A4E890400E96A5D /* Preview Assets.xcassets in Resources */ = {isa = PBXBuildFile; fileRef = 9CF703842A4E890400E96A5D /* Preview Assets.xcassets */; };
		9CF7038F2A4E890400E96A5D /* ScuolaTests.swift in Sources */ = {isa = PBXBuildFile; fileRef = 9CF7038E2A4E890400E96A5D /* ScuolaTests.swift */; };
		9CF703992A4E890400E96A5D /* ScuolaUITests.swift in Sources */ = {isa = PBXBuildFile; fileRef = 9CF703982A4E890400E96A5D /* ScuolaUITests.swift */; };
		9CF7039B2A4E890400E96A5D /* ScuolaUITestsLaunchTests.swift in Sources */ = {isa = PBXBuildFile; fileRef = 9CF7039A2A4E890400E96A5D /* ScuolaUITestsLaunchTests.swift */; };
/* End PBXBuildFile section */

/* Begin PBXContainerItemProxy section */
		9CF7038B2A4E890400E96A5D /* PBXContainerItemProxy */ = {
			isa = PBXContainerItemProxy;
			containerPortal = 9CF703722A4E890200E96A5D /* Project object */;
			proxyType = 1;
			remoteGlobalIDString = 9CF703792A4E890200E96A5D;
			remoteInfo = Scuola;
		};
		9CF703952A4E890400E96A5D /* PBXContainerItemProxy */ = {
			isa = PBXContainerItemProxy;
			containerPortal = 9CF703722A4E890200E96A5D /* Project object */;
			proxyType = 1;
			remoteGlobalIDString = 9CF703792A4E890200E96A5D;
			remoteInfo = Scuola;
		};
/* End PBXContainerItemProxy section */

/* Begin PBXFileReference section */
		9CF7037A2A4E890200E96A5D /* Scuola.app */ = {isa = PBXFileReference; explicitFileType = wrapper.application; includeInIndex = 0; path = Scuola.app; sourceTree = BUILT_PRODUCTS_DIR; };
		9CF7037D2A4E890200E96A5D /* ScuolaApp.swift */ = {isa = PBXFileReference; lastKnownFileType = sourcecode.swift; path = ScuolaApp.swift; sourceTree = "<group>"; };
		9CF7037F2A4E890200E96A5D /* ContentView.swift */ = {isa = PBXFileReference; lastKnownFileType = sourcecode.swift; path = ContentView.swift; sourceTree = "<group>"; };
		9CF703812A4E890400E96A5D /* Assets.xcassets */ = {isa = PBXFileReference; lastKnownFileType = folder.assetcatalog; path = Assets.xcassets; sourceTree = "<group>"; };
		9CF703842A4E890400E96A5D /* Preview Assets.xcassets */ = {isa = PBXFileReference; lastKnownFileType = folder.assetcatalog; path = "Preview Assets.xcassets"; sourceTree = "<group>"; };
		9CF7038A2A4E890400E96A5D /* ScuolaTests.xctest */ = {isa = PBXFileReference; explicitFileType = wrapper.cfbundle; includeInIndex = 0; path = ScuolaTests.xctest; sourceTree = BUILT_PRODUCTS_DIR; };
		9CF7038E2A4E890400E96A5D /* ScuolaTests.swift */ = {isa = PBXFileReference; lastKnownFileType = sourcecode.swift; path = ScuolaTests.swift; sourceTree = "<group>"; };
		9CF703942A4E890400E96A5D /* ScuolaUITests.xctest */ = {isa = PBXFileReference; explicitFileType = wrapper.cfbundle; includeInIndex = 0; path = ScuolaUITests.xctest; sourceTree = BUILT_PRODUCTS_DIR; };
		9CF703982A4E890400E96A5D /* ScuolaUITests.swift */ = {isa = PBXFileReference; lastKnownFileType = sourcecode.swift; path = ScuolaUITests.swift; sourceTree = "<group>"; };
		9CF7039A2A4E890400E96A5D /* ScuolaUITestsLaunchTests.swift */ = {isa = PBXFileReference; lastKnownFileType = sourcecode.swift; path = ScuolaUITestsLaunchTests.swift; sourceTree = "<group>"; };
/* End PBXFileReference section */

/* Begin PBXFrameworksBuildPhase section */
		9CF703772A4E890200E96A5D /* Frameworks */ = {
			isa = PBXFrameworksBuildPhase;
			buildActionMask = 2147483647;
			files = (
			);
			runOnlyForDeploymentPostprocessing = 0;
		};
		9CF703872A4E890400E96A5D /* Frameworks */ = {
			isa = PBXFrameworksBuildPhase;
			buildActionMask = 2147483647;
			files = (
			);
			runOnlyForDeploymentPostprocessing = 0;
		};
		9CF703912A4E890400E96A5D /* Frameworks */ = {
			isa = PBXFrameworksBuildPhase;
			buildActionMask = 2147483647;
			files = (
			);
			runOnlyForDeploymentPostprocessing = 0;
		};
/* End PBXFrameworksBuildPhase section */

/* Begin PBXGroup section */
		9CF703712A4E890200E96A5D = {
			isa = PBXGroup;
			children = (
				9CF7037C2A4E890200E96A5D /* Scuola */,
				9CF7038D2A4E890400E96A5D /* ScuolaTests */,
				9CF703972A4E890400E96A5D /* ScuolaUITests */,
				9CF7037B2A4E890200E96A5D /* Products */,
			);
			sourceTree = "<group>";
		};
		9CF7037B2A4E890200E96A5D /* Products */ = {
			isa = PBXGroup;
			children = (
				9CF7037A2A4E890200E96A5D /* Scuola.app */,
				9CF7038A2A4E890400E96A5D /* ScuolaTests.xctest */,
				9CF703942A4E890400E96A5D /* ScuolaUITests.xctest */,
			);
			name = Products;
			sourceTree = "<group>";
		};
		9CF7037C2A4E890200E96A5D /* Scuola */ = {
			isa = PBXGroup;
			children = (
				9CF7037D2A4E890200E96A5D /* ScuolaApp.swift */,
				9CF7037F2A4E890200E96A5D /* ContentView.swift */,
				9CF703812A4E890400E96A5D /* Assets.xcassets */,
				9CF703832A4E890400E96A5D /* Preview Content */,
			);
			path = Scuola;
			sourceTree = "<group>";
		};
		9CF703832A4E890400E96A5D /* Preview Content */ = {
			isa = PBXGroup;
			children = (
				9CF703842A4E890400E96A5D /* Preview Assets.xcassets */,
			);
			path = "Preview Content";
			sourceTree = "<group>";
		};
		9CF7038D2A4E890400E96A5D /* ScuolaTests */ = {
			isa = PBXGroup;
			children = (
				9CF7038E2A4E890400E96A5D /* ScuolaTests.swift */,
			);
			path = ScuolaTests;
			sourceTree = "<group>";
		};
		9CF703972A4E890400E96A5D /* ScuolaUITests */ = {
			isa = PBXGroup;
			children = (
				9CF703982A4E890400E96A5D /* ScuolaUITests.swift */,
				9CF7039A2A4E890400E96A5D /* ScuolaUITestsLaunchTests.swift */,
			);
			path = ScuolaUITests;
			sourceTree = "<group>";
		};
/* End PBXGroup section */

/* Begin PBXNativeTarget section */
		9CF703792A4E890200E96A5D /* Scuola */ = {
			isa = PBXNativeTarget;
			buildConfigurationList = 9CF7039E2A4E890400E96A5D /* Build configuration list for PBXNativeTarget "Scuola" */;
			buildPhases = (
				9CF703762A4E890200E96A5D /* Sources */,
				9CF703772A4E890200E96A5D /* Frameworks */,
				9CF703782A4E890200E96A5D /* Resources */,
			);
			buildRules = (
			);
			dependencies = (
			);
			name = Scuola;
			productName = Scuola;
			productReference = 9CF7037A2A4E890200E96A5D /* Scuola.app */;
			productType = "com.apple.product-type.application";
		};
		9CF703892A4E890400E96A5D /* ScuolaTests */ = {
			isa = PBXNativeTarget;
			buildConfigurationList = 9CF703A12A4E890400E96A5D /* Build configuration list for PBXNativeTarget "ScuolaTests" */;
			buildPhases = (
				9CF703862A4E890400E96A5D /* Sources */,
				9CF703872A4E890400E96A5D /* Frameworks */,
				9CF703882A4E890400E96A5D /* Resources */,
			);
			buildRules = (
			);
			dependencies = (
				9CF7038C2A4E890400E96A5D /* PBXTargetDependency */,
			);
			name = ScuolaTests;
			productName = ScuolaTests;
			productReference = 9CF7038A2A4E890400E96A5D /* ScuolaTests.xctest */;
			productType = "com.apple.product-type.bundle.unit-test";
		};
		9CF703932A4E890400E96A5D /* ScuolaUITests */ = {
			isa = PBXNativeTarget;
			buildConfigurationList = 9CF703A42A4E890400E96A5D /* Build configuration list for PBXNativeTarget "ScuolaUITests" */;
			buildPhases = (
				9CF703902A4E890400E96A5D /* Sources */,
				9CF703912A4E890400E96A5D /* Frameworks */,
				9CF703922A4E890400E96A5D /* Resources */,
			);
			buildRules = (
			);
			dependencies = (
				9CF703962A4E890400E96A5D /* PBXTargetDependency */,
			);
			name = ScuolaUITests;
			productName = ScuolaUITests;
			productReference = 9CF703942A4E890400E96A5D /* ScuolaUITests.xctest */;
			productType = "com.apple.product-type.bundle.ui-testing";
		};
/* End PBXNativeTarget section */

/* Begin PBXProject section */
		9CF703722A4E890200E96A5D /* Project object */ = {
			isa = PBXProject;
			attributes = {
				BuildIndependentTargetsInParallel = 1;
				LastSwiftUpdateCheck = 1430;
				LastUpgradeCheck = 1430;
				TargetAttributes = {
					9CF703792A4E890200E96A5D = {
						CreatedOnToolsVersion = 14.3.1;
					};
					9CF703892A4E890400E96A5D = {
						CreatedOnToolsVersion = 14.3.1;
						TestTargetID = 9CF703792A4E890200E96A5D;
					};
					9CF703932A4E890400E96A5D = {
						CreatedOnToolsVersion = 14.3.1;
						TestTargetID = 9CF703792A4E890200E96A5D;
					};
				};
			};
			buildConfigurationList = 9CF703752A4E890200E96A5D /* Build configuration list for PBXProject "Scuola" */;
			compatibilityVersion = "Xcode 14.0";
			developmentRegion = en;
			hasScannedForEncodings = 0;
			knownRegions = (
				en,
				Base,
			);
			mainGroup = 9CF703712A4E890200E96A5D;
			productRefGroup = 9CF7037B2A4E890200E96A5D /* Products */;
			projectDirPath = "";
			projectRoot = "";
			targets = (
				9CF703792A4E890200E96A5D /* Scuola */,
				9CF703892A4E890400E96A5D /* ScuolaTests */,
				9CF703932A4E890400E96A5D /* ScuolaUITests */,
			);
		};
/* End PBXProject section */

/* Begin PBXResourcesBuildPhase section */
		9CF703782A4E890200E96A5D /* Resources */ = {
			isa = PBXResourcesBuildPhase;
			buildActionMask = 2147483647;
			files = (
				9CF703852A4E890400E96A5D /* Preview Assets.xcassets in Resources */,
				9CF703822A4E890400E96A5D /* Assets.xcassets in Resources */,
			);
			runOnlyForDeploymentPostprocessing = 0;
		};
		9CF703882A4E890400E96A5D /* Resources */ = {
			isa = PBXResourcesBuildPhase;
			buildActionMask = 2147483647;
			files = (
			);
			runOnlyForDeploymentPostprocessing = 0;
		};
		9CF703922A4E890400E96A5D /* Resources */ = {
			isa = PBXResourcesBuildPhase;
			buildActionMask = 2147483647;
			files = (
			);
			runOnlyForDeploymentPostprocessing = 0;
		};
/* End PBXResourcesBuildPhase section */

/* Begin PBXSourcesBuildPhase section */
		9CF703762A4E890200E96A5D /* Sources */ = {
			isa = PBXSourcesBuildPhase;
			buildActionMask = 2147483647;
			files = (
				9CF703802A4E890200E96A5D /* ContentView.swift in Sources */,
				9CF7037E2A4E890200E96A5D /* ScuolaApp.swift in Sources */,
			);
			runOnlyForDeploymentPostprocessing = 0;
		};
		9CF703862A4E890400E96A5D /* Sources */ = {
			isa = PBXSourcesBuildPhase;
			buildActionMask = 2147483647;
			files = (
				9CF7038F2A4E890400E96A5D /* ScuolaTests.swift in Sources */,
			);
			runOnlyForDeploymentPostprocessing = 0;
		};
		9CF703902A4E890400E96A5D /* Sources */ = {
			isa = PBXSourcesBuildPhase;
			buildActionMask = 2147483647;
			files = (
				9CF703992A4E890400E96A5D /* ScuolaUITests.swift in Sources */,
				9CF7039B2A4E890400E96A5D /* ScuolaUITestsLaunchTests.swift in Sources */,
			);
			runOnlyForDeploymentPostprocessing = 0;
		};
/* End PBXSourcesBuildPhase section */

/* Begin PBXTargetDependency section */
		9CF7038C2A4E890400E96A5D /* PBXTargetDependency */ = {
			isa = PBXTargetDependency;
			target = 9CF703792A4E890200E96A5D /* Scuola */;
			targetProxy = 9CF7038B2A4E890400E96A5D /* PBXContainerItemProxy */;
		};
		9CF703962A4E890400E96A5D /* PBXTargetDependency */ = {
			isa = PBXTargetDependency;
			target = 9CF703792A4E890200E96A5D /* Scuola */;
			targetProxy = 9CF703952A4E890400E96A5D /* PBXContainerItemProxy */;
		};
/* End PBXTargetDependency section */

/* Begin XCBuildConfiguration section */
		9CF7039C2A4E890400E96A5D /* Debug */ = {
			isa = XCBuildConfiguration;
			buildSettings = {
				ALWAYS_SEARCH_USER_PATHS = NO;
				CLANG_ANALYZER_NONNULL = YES;
				CLANG_ANALYZER_NUMBER_OBJECT_CONVERSION = YES_AGGRESSIVE;
				CLANG_CXX_LANGUAGE_STANDARD = "gnu++20";
				CLANG_ENABLE_MODULES = YES;
				CLANG_ENABLE_OBJC_ARC = YES;
				CLANG_ENABLE_OBJC_WEAK = YES;
				CLANG_WARN_BLOCK_CAPTURE_AUTORELEASING = YES;
				CLANG_WARN_BOOL_CONVERSION = YES;
				CLANG_WARN_COMMA = YES;
				CLANG_WARN_CONSTANT_CONVERSION = YES;
				CLANG_WARN_DEPRECATED_OBJC_IMPLEMENTATIONS = YES;
				CLANG_WARN_DIRECT_OBJC_ISA_USAGE = YES_ERROR;
				CLANG_WARN_DOCUMENTATION_COMMENTS = YES;
				CLANG_WARN_EMPTY_BODY = YES;
				CLANG_WARN_ENUM_CONVERSION = YES;
				CLANG_WARN_INFINITE_RECURSION = YES;
				CLANG_WARN_INT_CONVERSION = YES;
				CLANG_WARN_NON_LITERAL_NULL_CONVERSION = YES;
				CLANG_WARN_OBJC_IMPLICIT_RETAIN_SELF = YES;
				CLANG_WARN_OBJC_LITERAL_CONVERSION = YES;
				CLANG_WARN_OBJC_ROOT_CLASS = YES_ERROR;
				CLANG_WARN_QUOTED_INCLUDE_IN_FRAMEWORK_HEADER = YES;
				CLANG_WARN_RANGE_LOOP_ANALYSIS = YES;
				CLANG_WARN_STRICT_PROTOTYPES = YES;
				CLANG_WARN_SUSPICIOUS_MOVE = YES;
				CLANG_WARN_UNGUARDED_AVAILABILITY = YES_AGGRESSIVE;
				CLANG_WARN_UNREACHABLE_CODE = YES;
				CLANG_WARN__DUPLICATE_METHOD_MATCH = YES;
				COPY_PHASE_STRIP = NO;
				DEBUG_INFORMATION_FORMAT = dwarf;
				ENABLE_STRICT_OBJC_MSGSEND = YES;
				ENABLE_TESTABILITY = YES;
				GCC_C_LANGUAGE_STANDARD = gnu11;
				GCC_DYNAMIC_NO_PIC = NO;
				GCC_NO_COMMON_BLOCKS = YES;
				GCC_OPTIMIZATION_LEVEL = 0;
				GCC_PREPROCESSOR_DEFINITIONS = (
					"DEBUG=1",
					"$(inherited)",
				);
				GCC_WARN_64_TO_32_BIT_CONVERSION = YES;
				GCC_WARN_ABOUT_RETURN_TYPE = YES_ERROR;
				GCC_WARN_UNDECLARED_SELECTOR = YES;
				GCC_WARN_UNINITIALIZED_AUTOS = YES_AGGRESSIVE;
				GCC_WARN_UNUSED_FUNCTION = YES;
				GCC_WARN_UNUSED_VARIABLE = YES;
				IPHONEOS_DEPLOYMENT_TARGET = 16.4;
				MTL_ENABLE_DEBUG_INFO = INCLUDE_SOURCE;
				MTL_FAST_MATH = YES;
				ONLY_ACTIVE_ARCH = YES;
				SDKROOT = iphoneos;
				SWIFT_ACTIVE_COMPILATION_CONDITIONS = DEBUG;
				SWIFT_OPTIMIZATION_LEVEL = "-Onone";
			};
			name = Debug;
		};
		9CF7039D2A4E890400E96A5D /* Release */ = {
			isa = XCBuildConfiguration;
			buildSettings = {
				ALWAYS_SEARCH_USER_PATHS = NO;
				CLANG_ANALYZER_NONNULL = YES;
				CLANG_ANALYZER_NUMBER_OBJECT_CONVERSION = YES_AGGRESSIVE;
				CLANG_CXX_LANGUAGE_STANDARD = "gnu++20";
				CLANG_ENABLE_MODULES = YES;
				CLANG_ENABLE_OBJC_ARC = YES;
				CLANG_ENABLE_OBJC_WEAK = YES;
				CLANG_WARN_BLOCK_CAPTURE_AUTORELEASING = YES;
				CLANG_WARN_BOOL_CONVERSION = YES;
				CLANG_WARN_COMMA = YES;
				CLANG_WARN_CONSTANT_CONVERSION = YES;
				CLANG_WARN_DEPRECATED_OBJC_IMPLEMENTATIONS = YES;
				CLANG_WARN_DIRECT_OBJC_ISA_USAGE = YES_ERROR;
				CLANG_WARN_DOCUMENTATION_COMMENTS = YES;
				CLANG_WARN_EMPTY_BODY = YES;
				CLANG_WARN_ENUM_CONVERSION = YES;
				CLANG_WARN_INFINITE_RECURSION = YES;
				CLANG_WARN_INT_CONVERSION = YES;
				CLANG_WARN_NON_LITERAL_NULL_CONVERSION = YES;
				CLANG_WARN_OBJC_IMPLICIT_RETAIN_SELF = YES;
				CLANG_WARN_OBJC_LITERAL_CONVERSION = YES;
				CLANG_WARN_OBJC_ROOT_CLASS = YES_ERROR;
				CLANG_WARN_QUOTED_INCLUDE_IN_FRAMEWORK_HEADER = YES;
				CLANG_WARN_RANGE_LOOP_ANALYSIS = YES;
				CLANG_WARN_STRICT_PROTOTYPES = YES;
				CLANG_WARN_SUSPICIOUS_MOVE = YES;
				CLANG_WARN_UNGUARDED_AVAILABILITY = YES_AGGRESSIVE;
				CLANG_WARN_UNREACHABLE_CODE = YES;
				CLANG_WARN__DUPLICATE_METHOD_MATCH = YES;
				COPY_PHASE_STRIP = NO;
				DEBUG_INFORMATION_FORMAT = "dwarf-with-dsym";
				ENABLE_NS_ASSERTIONS = NO;
				ENABLE_STRICT_OBJC_MSGSEND = YES;
				GCC_C_LANGUAGE_STANDARD = gnu11;
				GCC_NO_COMMON_BLOCKS = YES;
				GCC_WARN_64_TO_32_BIT_CONVERSION = YES;
				GCC_WARN_ABOUT_RETURN_TYPE = YES_ERROR;
				GCC_WARN_UNDECLARED_SELECTOR = YES;
				GCC_WARN_UNINITIALIZED_AUTOS = YES_AGGRESSIVE;
				GCC_WARN_UNUSED_FUNCTION = YES;
				GCC_WARN_UNUSED_VARIABLE = YES;
				IPHONEOS_DEPLOYMENT_TARGET = 16.4;
				MTL_ENABLE_DEBUG_INFO = NO;
				MTL_FAST_MATH = YES;
				SDKROOT = iphoneos;
				SWIFT_COMPILATION_MODE = wholemodule;
				SWIFT_OPTIMIZATION_LEVEL = "-O";
				VALIDATE_PRODUCT = YES;
			};
			name = Release;
		};
		9CF7039F2A4E890400E96A5D /* Debug */ = {
			isa = XCBuildConfiguration;
			buildSettings = {
				ASSETCATALOG_COMPILER_APPICON_NAME = AppIcon;
				ASSETCATALOG_COMPILER_GLOBAL_ACCENT_COLOR_NAME = AccentColor;
				CODE_SIGN_STYLE = Automatic;
				CURRENT_PROJECT_VERSION = 1;
				DEVELOPMENT_ASSET_PATHS = "\"Scuola/Preview Content\"";
				DEVELOPMENT_TEAM = 4LPCV87RQ2;
				ENABLE_PREVIEWS = YES;
				GENERATE_INFOPLIST_FILE = YES;
				INFOPLIST_KEY_UIApplicationSceneManifest_Generation = YES;
				INFOPLIST_KEY_UIApplicationSupportsIndirectInputEvents = YES;
				INFOPLIST_KEY_UILaunchScreen_Generation = YES;
				INFOPLIST_KEY_UISupportedInterfaceOrientations_iPad = "UIInterfaceOrientationPortrait UIInterfaceOrientationPortraitUpsideDown UIInterfaceOrientationLandscapeLeft UIInterfaceOrientationLandscapeRight";
				INFOPLIST_KEY_UISupportedInterfaceOrientations_iPhone = "UIInterfaceOrientationPortrait UIInterfaceOrientationLandscapeLeft UIInterfaceOrientationLandscapeRight";
				LD_RUNPATH_SEARCH_PATHS = (
					"$(inherited)",
					"@executable_path/Frameworks",
				);
				MARKETING_VERSION = 1.0;
				PRODUCT_BUNDLE_IDENTIFIER = live.Scuola;
				PRODUCT_NAME = "$(TARGET_NAME)";
				SWIFT_EMIT_LOC_STRINGS = YES;
				SWIFT_VERSION = 5.0;
				TARGETED_DEVICE_FAMILY = "1,2";
			};
			name = Debug;
		};
		9CF703A02A4E890400E96A5D /* Release */ = {
			isa = XCBuildConfiguration;
			buildSettings = {
				ASSETCATALOG_COMPILER_APPICON_NAME = AppIcon;
				ASSETCATALOG_COMPILER_GLOBAL_ACCENT_COLOR_NAME = AccentColor;
				CODE_SIGN_STYLE = Automatic;
				CURRENT_PROJECT_VERSION = 1;
				DEVELOPMENT_ASSET_PATHS = "\"Scuola/Preview Content\"";
				DEVELOPMENT_TEAM = 4LPCV87RQ2;
				ENABLE_PREVIEWS = YES;
				GENERATE_INFOPLIST_FILE = YES;
				INFOPLIST_KEY_UIApplicationSceneManifest_Generation = YES;
				INFOPLIST_KEY_UIApplicationSupportsIndirectInputEvents = YES;
				INFOPLIST_KEY_UILaunchScreen_Generation = YES;
				INFOPLIST_KEY_UISupportedInterfaceOrientations_iPad = "UIInterfaceOrientationPortrait UIInterfaceOrientationPortraitUpsideDown UIInterfaceOrientationLandscapeLeft UIInterfaceOrientationLandscapeRight";
				INFOPLIST_KEY_UISupportedInterfaceOrientations_iPhone = "UIInterfaceOrientationPortrait UIInterfaceOrientationLandscapeLeft UIInterfaceOrientationLandscapeRight";
				LD_RUNPATH_SEARCH_PATHS = (
					"$(inherited)",
					"@executable_path/Frameworks",
				);
				MARKETING_VERSION = 1.0;
				PRODUCT_BUNDLE_IDENTIFIER = live.Scuola;
				PRODUCT_NAME = "$(TARGET_NAME)";
				SWIFT_EMIT_LOC_STRINGS = YES;
				SWIFT_VERSION = 5.0;
				TARGETED_DEVICE_FAMILY = "1,2";
			};
			name = Release;
		};
		9CF703A22A4E890400E96A5D /* Debug */ = {
			isa = XCBuildConfiguration;
			buildSettings = {
				ALWAYS_EMBED_SWIFT_STANDARD_LIBRARIES = YES;
				BUNDLE_LOADER = "$(TEST_HOST)";
				CODE_SIGN_STYLE = Automatic;
				CURRENT_PROJECT_VERSION = 1;
				DEVELOPMENT_TEAM = 4LPCV87RQ2;
				GENERATE_INFOPLIST_FILE = YES;
				IPHONEOS_DEPLOYMENT_TARGET = 16.4;
				MARKETING_VERSION = 1.0;
				PRODUCT_BUNDLE_IDENTIFIER = live.ScuolaTests;
				PRODUCT_NAME = "$(TARGET_NAME)";
				SWIFT_EMIT_LOC_STRINGS = NO;
				SWIFT_VERSION = 5.0;
				TARGETED_DEVICE_FAMILY = "1,2";
				TEST_HOST = "$(BUILT_PRODUCTS_DIR)/Scuola.app/$(BUNDLE_EXECUTABLE_FOLDER_PATH)/Scuola";
			};
			name = Debug;
		};
		9CF703A32A4E890400E96A5D /* Release */ = {
			isa = XCBuildConfiguration;
			buildSettings = {
				ALWAYS_EMBED_SWIFT_STANDARD_LIBRARIES = YES;
				BUNDLE_LOADER = "$(TEST_HOST)";
				CODE_SIGN_STYLE = Automatic;
				CURRENT_PROJECT_VERSION = 1;
				DEVELOPMENT_TEAM = 4LPCV87RQ2;
				GENERATE_INFOPLIST_FILE = YES;
				IPHONEOS_DEPLOYMENT_TARGET = 16.4;
				MARKETING_VERSION = 1.0;
				PRODUCT_BUNDLE_IDENTIFIER = live.ScuolaTests;
				PRODUCT_NAME = "$(TARGET_NAME)";
				SWIFT_EMIT_LOC_STRINGS = NO;
				SWIFT_VERSION = 5.0;
				TARGETED_DEVICE_FAMILY = "1,2";
				TEST_HOST = "$(BUILT_PRODUCTS_DIR)/Scuola.app/$(BUNDLE_EXECUTABLE_FOLDER_PATH)/Scuola";
			};
			name = Release;
		};
		9CF703A52A4E890400E96A5D /* Debug */ = {
			isa = XCBuildConfiguration;
			buildSettings = {
				ALWAYS_EMBED_SWIFT_STANDARD_LIBRARIES = YES;
				CODE_SIGN_STYLE = Automatic;
				CURRENT_PROJECT_VERSION = 1;
				DEVELOPMENT_TEAM = 4LPCV87RQ2;
				GENERATE_INFOPLIST_FILE = YES;
				MARKETING_VERSION = 1.0;
				PRODUCT_BUNDLE_IDENTIFIER = live.ScuolaUITests;
				PRODUCT_NAME = "$(TARGET_NAME)";
				SWIFT_EMIT_LOC_STRINGS = NO;
				SWIFT_VERSION = 5.0;
				TARGETED_DEVICE_FAMILY = "1,2";
				TEST_TARGET_NAME = Scuola;
			};
			name = Debug;
		};
		9CF703A62A4E890400E96A5D /* Release */ = {
			isa = XCBuildConfiguration;
			buildSettings = {
				ALWAYS_EMBED_SWIFT_STANDARD_LIBRARIES = YES;
				CODE_SIGN_STYLE = Automatic;
				CURRENT_PROJECT_VERSION = 1;
				DEVELOPMENT_TEAM = 4LPCV87RQ2;
				GENERATE_INFOPLIST_FILE = YES;
				MARKETING_VERSION = 1.0;
				PRODUCT_BUNDLE_IDENTIFIER = live.ScuolaUITests;
				PRODUCT_NAME = "$(TARGET_NAME)";
				SWIFT_EMIT_LOC_STRINGS = NO;
				SWIFT_VERSION = 5.0;
				TARGETED_DEVICE_FAMILY = "1,2";
				TEST_TARGET_NAME = Scuola;
			};
			name = Release;
		};
/* End XCBuildConfiguration section */

/* Begin XCConfigurationList section */
		9CF703752A4E890200E96A5D /* Build configuration list for PBXProject "Scuola" */ = {
			isa = XCConfigurationList;
			buildConfigurations = (
				9CF7039C2A4E890400E96A5D /* Debug */,
				9CF7039D2A4E890400E96A5D /* Release */,
			);
			defaultConfigurationIsVisible = 0;
			defaultConfigurationName = Release;
		};
		9CF7039E2A4E890400E96A5D /* Build configuration list for PBXNativeTarget "Scuola" */ = {
			isa = XCConfigurationList;
			buildConfigurations = (
				9CF7039F2A4E890400E96A5D /* Debug */,
				9CF703A02A4E890400E96A5D /* Release */,
			);
			defaultConfigurationIsVisible = 0;
			defaultConfigurationName = Release;
		};
		9CF703A12A4E890400E96A5D /* Build configuration list for PBXNativeTarget "ScuolaTests" */ = {
			isa = XCConfigurationList;
			buildConfigurations = (
				9CF703A22A4E890400E96A5D /* Debug */,
				9CF703A32A4E890400E96A5D /* Release */,
			);
			defaultConfigurationIsVisible = 0;
			defaultConfigurationName = Release;
		};
		9CF703A42A4E890400E96A5D /* Build configuration list for PBXNativeTarget "ScuolaUITests" */ = {
			isa = XCConfigurationList;
			buildConfigurations = (
				9CF703A52A4E890400E96A5D /* Debug */,
				9CF703A62A4E890400E96A5D /* Release */,
			);
			defaultConfigurationIsVisible = 0;
			defaultConfigurationName = Release;
		};
/* End XCConfigurationList section */
	};
	rootObject = 9CF703722A4E890200E96A5D /* Project object */;
}
